
Microsoft Visual Studio Solution File, Format Version 12.00
# Visual Studio Version 17
VisualStudioVersion = 17.7.34031.279
MinimumVisualStudioVersion = 10.0.40219.1
Project("{8BC9CEB8-8B4A-11D0-8D11-00A0C91BC942}") = "Day01cpp", "Day01cpp\Day01cpp.vcxproj", "{98FE39CD-9894-401F-9613-3B73CE3DA80B}"
EndProject
Project("{8BC9CEB8-8B4A-11D0-8D11-00A0C91BC942}") = "Day02cpp", "Day02cpp\Day02cpp.vcxproj", "{BA707233-7B66-43BB-B7E4-F9261F69000E}"
EndProject
Project("{8BC9CEB8-8B4A-11D0-8D11-00A0C91BC942}") = "Day03cpp", "Day03cpp\Day03cpp.vcxproj", "{34DDE30F-17FF-49FB-A717-5B538438F01D}"
EndProject
Project("{8BC9CEB8-8B4A-11D0-8D11-00A0C91BC942}") = "Library", "Library\Library.vcxproj", "{900BCF50-6757-45A4-8E63-E3416F3F9E88}"
EndProject
Project("{8BC9CEB8-8B4A-11D0-8D11-00A0C91BC942}") = "Day04cpp", "Day04cpp\Day04cpp.vcxproj", "{30866253-B839-48AE-AB25-088D8192EDA4}"
EndProject
Project("{8BC9CEB8-8B4A-11D0-8D11-00A0C91BC942}") = "Day05cpp", "Day05cpp\Day05cpp.vcxproj", "{4A547530-03D5-4ADC-AC66-DC5ED66F5CA6}"
EndProject
Project("{8BC9CEB8-8B4A-11D0-8D11-00A0C91BC942}") = "Day06cpp", "Day06cpp\Day06cpp.vcxproj", "{A8E97BE7-FDCE-4BB6-861F-8C2ABB07E33D}"
EndProject
Project("{8BC9CEB8-8B4A-11D0-8D11-00A0C91BC942}") = "Day03cpp_v2", "Day03cpp_v2\Day03cpp_v2.vcxproj", "{5F36F73C-6121-4D0D-955D-40AF7BF2C0CD}"
EndProject
Project("{8BC9CEB8-8B4A-11D0-8D11-00A0C91BC942}") = "Day07cpp", "Day07cpp\Day07cpp.vcxproj", "{9EDF69DD-56CF-4524-AE91-06C418B52A8B}"
EndProject
Project("{8BC9CEB8-8B4A-11D0-8D11-00A0C91BC942}") = "Day05cpp_refactor", "Day05cpp_refactor\Day05cpp_refactor.vcxproj", "{64DB2CE6-ABD0-4302-AA83-6AB0A642F48A}"
EndProject
Project("{FAE04EC0-301F-11D3-BF4B-00C04F79EFBC}") = "Test", "Test\Test.csproj", "{412C2F9C-5248-4AD8-9102-C6B2C492E0FD}"
EndProject
Project("{8BC9CEB8-8B4A-11D0-8D11-00A0C91BC942}") = "Day08", "Day08\Day08.vcxproj", "{8A3E9581-C2F7-4298-AE21-606464457756}"
EndProject
Global
	GlobalSection(SolutionConfigurationPlatforms) = preSolution
		Debug|Any CPU = Debug|Any CPU
		Debug|x64 = Debug|x64
		Debug|x86 = Debug|x86
		Release|Any CPU = Release|Any CPU
		Release|x64 = Release|x64
		Release|x86 = Release|x86
	EndGlobalSection
	GlobalSection(ProjectConfigurationPlatforms) = postSolution
		{98FE39CD-9894-401F-9613-3B73CE3DA80B}.Debug|Any CPU.ActiveCfg = Debug|x64
		{98FE39CD-9894-401F-9613-3B73CE3DA80B}.Debug|Any CPU.Build.0 = Debug|x64
		{98FE39CD-9894-401F-9613-3B73CE3DA80B}.Debug|x64.ActiveCfg = Debug|x64
		{98FE39CD-9894-401F-9613-3B73CE3DA80B}.Debug|x64.Build.0 = Debug|x64
		{98FE39CD-9894-401F-9613-3B73CE3DA80B}.Debug|x86.ActiveCfg = Debug|Win32
		{98FE39CD-9894-401F-9613-3B73CE3DA80B}.Debug|x86.Build.0 = Debug|Win32
		{98FE39CD-9894-401F-9613-3B73CE3DA80B}.Release|Any CPU.ActiveCfg = Release|x64
		{98FE39CD-9894-401F-9613-3B73CE3DA80B}.Release|Any CPU.Build.0 = Release|x64
		{98FE39CD-9894-401F-9613-3B73CE3DA80B}.Release|x64.ActiveCfg = Release|x64
		{98FE39CD-9894-401F-9613-3B73CE3DA80B}.Release|x64.Build.0 = Release|x64
		{98FE39CD-9894-401F-9613-3B73CE3DA80B}.Release|x86.ActiveCfg = Release|Win32
		{98FE39CD-9894-401F-9613-3B73CE3DA80B}.Release|x86.Build.0 = Release|Win32
		{BA707233-7B66-43BB-B7E4-F9261F69000E}.Debug|Any CPU.ActiveCfg = Debug|x64
		{BA707233-7B66-43BB-B7E4-F9261F69000E}.Debug|Any CPU.Build.0 = Debug|x64
		{BA707233-7B66-43BB-B7E4-F9261F69000E}.Debug|x64.ActiveCfg = Debug|x64
		{BA707233-7B66-43BB-B7E4-F9261F69000E}.Debug|x64.Build.0 = Debug|x64
		{BA707233-7B66-43BB-B7E4-F9261F69000E}.Debug|x86.ActiveCfg = Debug|Win32
		{BA707233-7B66-43BB-B7E4-F9261F69000E}.Debug|x86.Build.0 = Debug|Win32
		{BA707233-7B66-43BB-B7E4-F9261F69000E}.Release|Any CPU.ActiveCfg = Release|x64
		{BA707233-7B66-43BB-B7E4-F9261F69000E}.Release|Any CPU.Build.0 = Release|x64
		{BA707233-7B66-43BB-B7E4-F9261F69000E}.Release|x64.ActiveCfg = Release|x64
		{BA707233-7B66-43BB-B7E4-F9261F69000E}.Release|x64.Build.0 = Release|x64
		{BA707233-7B66-43BB-B7E4-F9261F69000E}.Release|x86.ActiveCfg = Release|Win32
		{BA707233-7B66-43BB-B7E4-F9261F69000E}.Release|x86.Build.0 = Release|Win32
		{34DDE30F-17FF-49FB-A717-5B538438F01D}.Debug|Any CPU.ActiveCfg = Debug|x64
		{34DDE30F-17FF-49FB-A717-5B538438F01D}.Debug|Any CPU.Build.0 = Debug|x64
		{34DDE30F-17FF-49FB-A717-5B538438F01D}.Debug|x64.ActiveCfg = Debug|x64
		{34DDE30F-17FF-49FB-A717-5B538438F01D}.Debug|x64.Build.0 = Debug|x64
		{34DDE30F-17FF-49FB-A717-5B538438F01D}.Debug|x86.ActiveCfg = Debug|Win32
		{34DDE30F-17FF-49FB-A717-5B538438F01D}.Debug|x86.Build.0 = Debug|Win32
		{34DDE30F-17FF-49FB-A717-5B538438F01D}.Release|Any CPU.ActiveCfg = Release|x64
		{34DDE30F-17FF-49FB-A717-5B538438F01D}.Release|Any CPU.Build.0 = Release|x64
		{34DDE30F-17FF-49FB-A717-5B538438F01D}.Release|x64.ActiveCfg = Release|x64
		{34DDE30F-17FF-49FB-A717-5B538438F01D}.Release|x64.Build.0 = Release|x64
		{34DDE30F-17FF-49FB-A717-5B538438F01D}.Release|x86.ActiveCfg = Release|Win32
		{34DDE30F-17FF-49FB-A717-5B538438F01D}.Release|x86.Build.0 = Release|Win32
		{900BCF50-6757-45A4-8E63-E3416F3F9E88}.Debug|Any CPU.ActiveCfg = Debug|x64
		{900BCF50-6757-45A4-8E63-E3416F3F9E88}.Debug|x64.ActiveCfg = Debug|x64
		{900BCF50-6757-45A4-8E63-E3416F3F9E88}.Debug|x64.Build.0 = Debug|x64
		{900BCF50-6757-45A4-8E63-E3416F3F9E88}.Debug|x86.ActiveCfg = Debug|Win32
		{900BCF50-6757-45A4-8E63-E3416F3F9E88}.Debug|x86.Build.0 = Debug|Win32
		{900BCF50-6757-45A4-8E63-E3416F3F9E88}.Release|Any CPU.ActiveCfg = Release|x64
		{900BCF50-6757-45A4-8E63-E3416F3F9E88}.Release|x64.ActiveCfg = Release|x64
		{900BCF50-6757-45A4-8E63-E3416F3F9E88}.Release|x64.Build.0 = Release|x64
		{900BCF50-6757-45A4-8E63-E3416F3F9E88}.Release|x86.ActiveCfg = Release|Win32
		{900BCF50-6757-45A4-8E63-E3416F3F9E88}.Release|x86.Build.0 = Release|Win32
		{30866253-B839-48AE-AB25-088D8192EDA4}.Debug|Any CPU.ActiveCfg = Debug|x64
		{30866253-B839-48AE-AB25-088D8192EDA4}.Debug|Any CPU.Build.0 = Debug|x64
		{30866253-B839-48AE-AB25-088D8192EDA4}.Debug|x64.ActiveCfg = Debug|x64
		{30866253-B839-48AE-AB25-088D8192EDA4}.Debug|x64.Build.0 = Debug|x64
		{30866253-B839-48AE-AB25-088D8192EDA4}.Debug|x86.ActiveCfg = Debug|Win32
		{30866253-B839-48AE-AB25-088D8192EDA4}.Debug|x86.Build.0 = Debug|Win32
		{30866253-B839-48AE-AB25-088D8192EDA4}.Release|Any CPU.ActiveCfg = Release|x64
		{30866253-B839-48AE-AB25-088D8192EDA4}.Release|Any CPU.Build.0 = Release|x64
		{30866253-B839-48AE-AB25-088D8192EDA4}.Release|x64.ActiveCfg = Release|x64
		{30866253-B839-48AE-AB25-088D8192EDA4}.Release|x64.Build.0 = Release|x64
		{30866253-B839-48AE-AB25-088D8192EDA4}.Release|x86.ActiveCfg = Release|Win32
		{30866253-B839-48AE-AB25-088D8192EDA4}.Release|x86.Build.0 = Release|Win32
		{4A547530-03D5-4ADC-AC66-DC5ED66F5CA6}.Debug|Any CPU.ActiveCfg = Debug|x64
		{4A547530-03D5-4ADC-AC66-DC5ED66F5CA6}.Debug|Any CPU.Build.0 = Debug|x64
		{4A547530-03D5-4ADC-AC66-DC5ED66F5CA6}.Debug|x64.ActiveCfg = Debug|x64
		{4A547530-03D5-4ADC-AC66-DC5ED66F5CA6}.Debug|x64.Build.0 = Debug|x64
		{4A547530-03D5-4ADC-AC66-DC5ED66F5CA6}.Debug|x86.ActiveCfg = Debug|Win32
		{4A547530-03D5-4ADC-AC66-DC5ED66F5CA6}.Debug|x86.Build.0 = Debug|Win32
		{4A547530-03D5-4ADC-AC66-DC5ED66F5CA6}.Release|Any CPU.ActiveCfg = Release|x64
		{4A547530-03D5-4ADC-AC66-DC5ED66F5CA6}.Release|Any CPU.Build.0 = Release|x64
		{4A547530-03D5-4ADC-AC66-DC5ED66F5CA6}.Release|x64.ActiveCfg = Release|x64
		{4A547530-03D5-4ADC-AC66-DC5ED66F5CA6}.Release|x64.Build.0 = Release|x64
		{4A547530-03D5-4ADC-AC66-DC5ED66F5CA6}.Release|x86.ActiveCfg = Release|Win32
		{4A547530-03D5-4ADC-AC66-DC5ED66F5CA6}.Release|x86.Build.0 = Release|Win32
		{A8E97BE7-FDCE-4BB6-861F-8C2ABB07E33D}.Debug|Any CPU.ActiveCfg = Debug|x64
		{A8E97BE7-FDCE-4BB6-861F-8C2ABB07E33D}.Debug|Any CPU.Build.0 = Debug|x64
		{A8E97BE7-FDCE-4BB6-861F-8C2ABB07E33D}.Debug|x64.ActiveCfg = Debug|x64
		{A8E97BE7-FDCE-4BB6-861F-8C2ABB07E33D}.Debug|x64.Build.0 = Debug|x64
		{A8E97BE7-FDCE-4BB6-861F-8C2ABB07E33D}.Debug|x86.ActiveCfg = Debug|Win32
		{A8E97BE7-FDCE-4BB6-861F-8C2ABB07E33D}.Debug|x86.Build.0 = Debug|Win32
		{A8E97BE7-FDCE-4BB6-861F-8C2ABB07E33D}.Release|Any CPU.ActiveCfg = Release|x64
		{A8E97BE7-FDCE-4BB6-861F-8C2ABB07E33D}.Release|Any CPU.Build.0 = Release|x64
		{A8E97BE7-FDCE-4BB6-861F-8C2ABB07E33D}.Release|x64.ActiveCfg = Release|x64
		{A8E97BE7-FDCE-4BB6-861F-8C2ABB07E33D}.Release|x64.Build.0 = Release|x64
		{A8E97BE7-FDCE-4BB6-861F-8C2ABB07E33D}.Release|x86.ActiveCfg = Release|Win32
		{A8E97BE7-FDCE-4BB6-861F-8C2ABB07E33D}.Release|x86.Build.0 = Release|Win32
		{5F36F73C-6121-4D0D-955D-40AF7BF2C0CD}.Debug|Any CPU.ActiveCfg = Debug|x64
		{5F36F73C-6121-4D0D-955D-40AF7BF2C0CD}.Debug|Any CPU.Build.0 = Debug|x64
		{5F36F73C-6121-4D0D-955D-40AF7BF2C0CD}.Debug|x64.ActiveCfg = Debug|x64
		{5F36F73C-6121-4D0D-955D-40AF7BF2C0CD}.Debug|x64.Build.0 = Debug|x64
		{5F36F73C-6121-4D0D-955D-40AF7BF2C0CD}.Debug|x86.ActiveCfg = Debug|Win32
		{5F36F73C-6121-4D0D-955D-40AF7BF2C0CD}.Debug|x86.Build.0 = Debug|Win32
		{5F36F73C-6121-4D0D-955D-40AF7BF2C0CD}.Release|Any CPU.ActiveCfg = Release|x64
		{5F36F73C-6121-4D0D-955D-40AF7BF2C0CD}.Release|Any CPU.Build.0 = Release|x64
		{5F36F73C-6121-4D0D-955D-40AF7BF2C0CD}.Release|x64.ActiveCfg = Release|x64
		{5F36F73C-6121-4D0D-955D-40AF7BF2C0CD}.Release|x64.Build.0 = Release|x64
		{5F36F73C-6121-4D0D-955D-40AF7BF2C0CD}.Release|x86.ActiveCfg = Release|Win32
		{5F36F73C-6121-4D0D-955D-40AF7BF2C0CD}.Release|x86.Build.0 = Release|Win32
		{9EDF69DD-56CF-4524-AE91-06C418B52A8B}.Debug|Any CPU.ActiveCfg = Debug|x64
		{9EDF69DD-56CF-4524-AE91-06C418B52A8B}.Debug|Any CPU.Build.0 = Debug|x64
		{9EDF69DD-56CF-4524-AE91-06C418B52A8B}.Debug|x64.ActiveCfg = Debug|x64
		{9EDF69DD-56CF-4524-AE91-06C418B52A8B}.Debug|x64.Build.0 = Debug|x64
		{9EDF69DD-56CF-4524-AE91-06C418B52A8B}.Debug|x86.ActiveCfg = Debug|Win32
		{9EDF69DD-56CF-4524-AE91-06C418B52A8B}.Debug|x86.Build.0 = Debug|Win32
		{9EDF69DD-56CF-4524-AE91-06C418B52A8B}.Release|Any CPU.ActiveCfg = Release|x64
		{9EDF69DD-56CF-4524-AE91-06C418B52A8B}.Release|Any CPU.Build.0 = Release|x64
		{9EDF69DD-56CF-4524-AE91-06C418B52A8B}.Release|x64.ActiveCfg = Release|x64
		{9EDF69DD-56CF-4524-AE91-06C418B52A8B}.Release|x64.Build.0 = Release|x64
		{9EDF69DD-56CF-4524-AE91-06C418B52A8B}.Release|x86.ActiveCfg = Release|Win32
		{9EDF69DD-56CF-4524-AE91-06C418B52A8B}.Release|x86.Build.0 = Release|Win32
		{64DB2CE6-ABD0-4302-AA83-6AB0A642F48A}.Debug|Any CPU.ActiveCfg = Debug|x64
		{64DB2CE6-ABD0-4302-AA83-6AB0A642F48A}.Debug|Any CPU.Build.0 = Debug|x64
		{64DB2CE6-ABD0-4302-AA83-6AB0A642F48A}.Debug|x64.ActiveCfg = Debug|x64
		{64DB2CE6-ABD0-4302-AA83-6AB0A642F48A}.Debug|x64.Build.0 = Debug|x64
		{64DB2CE6-ABD0-4302-AA83-6AB0A642F48A}.Debug|x86.ActiveCfg = Debug|Win32
		{64DB2CE6-ABD0-4302-AA83-6AB0A642F48A}.Debug|x86.Build.0 = Debug|Win32
		{64DB2CE6-ABD0-4302-AA83-6AB0A642F48A}.Release|Any CPU.ActiveCfg = Release|x64
		{64DB2CE6-ABD0-4302-AA83-6AB0A642F48A}.Release|Any CPU.Build.0 = Release|x64
		{64DB2CE6-ABD0-4302-AA83-6AB0A642F48A}.Release|x64.ActiveCfg = Release|x64
		{64DB2CE6-ABD0-4302-AA83-6AB0A642F48A}.Release|x64.Build.0 = Release|x64
		{64DB2CE6-ABD0-4302-AA83-6AB0A642F48A}.Release|x86.ActiveCfg = Release|Win32
		{64DB2CE6-ABD0-4302-AA83-6AB0A642F48A}.Release|x86.Build.0 = Release|Win32
		{412C2F9C-5248-4AD8-9102-C6B2C492E0FD}.Debug|Any CPU.ActiveCfg = Debug|Any CPU
		{412C2F9C-5248-4AD8-9102-C6B2C492E0FD}.Debug|Any CPU.Build.0 = Debug|Any CPU
		{412C2F9C-5248-4AD8-9102-C6B2C492E0FD}.Debug|x64.ActiveCfg = Debug|Any CPU
		{412C2F9C-5248-4AD8-9102-C6B2C492E0FD}.Debug|x64.Build.0 = Debug|Any CPU
		{412C2F9C-5248-4AD8-9102-C6B2C492E0FD}.Debug|x86.ActiveCfg = Debug|Any CPU
		{412C2F9C-5248-4AD8-9102-C6B2C492E0FD}.Debug|x86.Build.0 = Debug|Any CPU
		{412C2F9C-5248-4AD8-9102-C6B2C492E0FD}.Release|Any CPU.ActiveCfg = Release|Any CPU
		{412C2F9C-5248-4AD8-9102-C6B2C492E0FD}.Release|Any CPU.Build.0 = Release|Any CPU
		{412C2F9C-5248-4AD8-9102-C6B2C492E0FD}.Release|x64.ActiveCfg = Release|Any CPU
		{412C2F9C-5248-4AD8-9102-C6B2C492E0FD}.Release|x64.Build.0 = Release|Any CPU
		{412C2F9C-5248-4AD8-9102-C6B2C492E0FD}.Release|x86.ActiveCfg = Release|Any CPU
		{412C2F9C-5248-4AD8-9102-C6B2C492E0FD}.Release|x86.Build.0 = Release|Any CPU
		{8A3E9581-C2F7-4298-AE21-606464457756}.Debug|Any CPU.ActiveCfg = Debug|x64
		{8A3E9581-C2F7-4298-AE21-606464457756}.Debug|Any CPU.Build.0 = Debug|x64
		{8A3E9581-C2F7-4298-AE21-606464457756}.Debug|x64.ActiveCfg = Debug|x64
		{8A3E9581-C2F7-4298-AE21-606464457756}.Debug|x64.Build.0 = Debug|x64
		{8A3E9581-C2F7-4298-AE21-606464457756}.Debug|x86.ActiveCfg = Debug|Win32
		{8A3E9581-C2F7-4298-AE21-606464457756}.Debug|x86.Build.0 = Debug|Win32
		{8A3E9581-C2F7-4298-AE21-606464457756}.Release|Any CPU.ActiveCfg = Release|x64
		{8A3E9581-C2F7-4298-AE21-606464457756}.Release|Any CPU.Build.0 = Release|x64
		{8A3E9581-C2F7-4298-AE21-606464457756}.Release|x64.ActiveCfg = Release|x64
		{8A3E9581-C2F7-4298-AE21-606464457756}.Release|x64.Build.0 = Release|x64
		{8A3E9581-C2F7-4298-AE21-606464457756}.Release|x86.ActiveCfg = Release|Win32
		{8A3E9581-C2F7-4298-AE21-606464457756}.Release|x86.Build.0 = Release|Win32
	EndGlobalSection
	GlobalSection(SolutionProperties) = preSolution
		HideSolutionNode = FALSE
	EndGlobalSection
	GlobalSection(ExtensibilityGlobals) = postSolution
		SolutionGuid = {6E2F411A-A946-4200-A566-CA358C33635D}
	EndGlobalSection
EndGlobal
