
Microsoft Visual Studio Solution File, Format Version 12.00
# Visual Studio Version 17
VisualStudioVersion = 17.7.34031.279
MinimumVisualStudioVersion = 10.0.40219.1
Project("{8BC9CEB8-8B4A-11D0-8D11-00A0C91BC942}") = "Day01cpp", "Day01cpp\Day01cpp.vcxproj", "{98FE39CD-9894-401F-9613-3B73CE3DA80B}"
EndProject
Project("{8BC9CEB8-8B4A-11D0-8D11-00A0C91BC942}") = "Day02cpp", "Day02cpp\Day02cpp.vcxproj", "{BA707233-7B66-43BB-B7E4-F9261F69000E}"
EndProject
Project("{8BC9CEB8-8B4A-11D0-8D11-00A0C91BC942}") = "Day03cpp", "Day03cpp\Day03cpp.vcxproj", "{34DDE30F-17FF-49FB-A717-5B538438F01D}"
EndProject
Project("{8BC9CEB8-8B4A-11D0-8D11-00A0C91BC942}") = "Library", "Library\Library.vcxproj", "{900BCF50-6757-45A4-8E63-E3416F3F9E88}"
EndProject
Project("{8BC9CEB8-8B4A-11D0-8D11-00A0C91BC942}") = "Day04cpp", "Day04cpp\Day04cpp.vcxproj", "{30866253-B839-48AE-AB25-088D8192EDA4}"
EndProject
Project("{8BC9CEB8-8B4A-11D0-8D11-00A0C91BC942}") = "Day05cpp", "Day05cpp\Day05cpp.vcxproj", "{4A547530-03D5-4ADC-AC66-DC5ED66F5CA6}"
EndProject
Project("{8BC9CEB8-8B4A-11D0-8D11-00A0C91BC942}") = "Day06cpp", "Day06cpp\Day06cpp.vcxproj", "{A8E97BE7-FDCE-4BB6-861F-8C2ABB07E33D}"
EndProject
Project("{8BC9CEB8-8B4A-11D0-8D11-00A0C91BC942}") = "Day03cpp_v2", "Day03cpp_v2\Day03cpp_v2.vcxproj", "{5F36F73C-6121-4D0D-955D-40AF7BF2C0CD}"
EndProject
Project("{8BC9CEB8-8B4A-11D0-8D11-00A0C91BC942}") = "Day07cpp", "Day07cpp\Day07cpp.vcxproj", "{9EDF69DD-56CF-4524-AE91-06C418B52A8B}"
EndProject
Project("{8BC9CEB8-8B4A-11D0-8D11-00A0C91BC942}") = "Day05cpp_refactor", "Day05cpp_refactor\Day05cpp_refactor.vcxproj", "{64DB2CE6-ABD0-4302-AA83-6AB0A642F48A}"
EndProject
Project("{9A19103F-16F7-4668-BE54-9A1E7A4F7556}") = "Test", "Test\Test.csproj", "{412C2F9C-5248-4AD8-9102-C6B2C492E0FD}"
EndProject
Project("{8BC9CEB8-8B4A-11D0-8D11-00A0C91BC942}") = "Day08", "Day08\Day08.vcxproj", "{8A3E9581-C2F7-4298-AE21-606464457756}"
EndProject
Project("{8BC9CEB8-8B4A-11D0-8D11-00A0C91BC942}") = "Day09cpp", "Day09cpp\Day09cpp.vcxproj", "{9CBB0E74-80B8-4FD5-B93E-88E5441C913F}"
EndProject
Project("{8BC9CEB8-8B4A-11D0-8D11-00A0C91BC942}") = "Day10cpp", "Day10cpp\Day10cpp.vcxproj", "{44CA65CE-0AA7-4CF6-ABE5-1B4BE2056CAB}"
EndProject
Project("{8BC9CEB8-8B4A-11D0-8D11-00A0C91BC942}") = "Day11cpp", "Day11cpp\Day11cpp.vcxproj", "{1F7D035C-38AD-46B1-8E1A-643050DD2269}"
EndProject
Project("{8BC9CEB8-8B4A-11D0-8D11-00A0C91BC942}") = "Day12cpp", "Day12cpp\Day12cpp.vcxproj", "{DFB63F1C-B87E-445F-997C-32BEE8438EC2}"
EndProject
Project("{8BC9CEB8-8B4A-11D0-8D11-00A0C91BC942}") = "Day13cpp", "Day13cpp\Day13cpp.vcxproj", "{7650975D-CA4C-4A95-8B8D-07E482E5E4B4}"
EndProject
Project("{8BC9CEB8-8B4A-11D0-8D11-00A0C91BC942}") = "Day14cpp", "Day14cpp\Day14cpp.vcxproj", "{402FBFE6-6561-4202-932B-DB68AE58AC67}"
EndProject
Project("{8BC9CEB8-8B4A-11D0-8D11-00A0C91BC942}") = "Day15cpp", "Day15cpp\Day15cpp.vcxproj", "{2E4D8C50-ADB1-4C59-9638-4D16F84F7482}"
EndProject
Project("{8BC9CEB8-8B4A-11D0-8D11-00A0C91BC942}") = "Day16cpp", "Day16cpp\Day16cpp.vcxproj", "{32A65258-A37B-4646-8112-402EA028BEEC}"
EndProject
Project("{8BC9CEB8-8B4A-11D0-8D11-00A0C91BC942}") = "Day17cpp", "Day17cpp\Day17cpp.vcxproj", "{C5312515-B508-4D07-B515-ECA16BB902F9}"
EndProject
Project("{8BC9CEB8-8B4A-11D0-8D11-00A0C91BC942}") = "Day18cpp", "Day18cpp\Day18cpp.vcxproj", "{52084A2B-0B63-4C4F-8F40-8E0350B6E1D9}"
EndProject
Project("{8BC9CEB8-8B4A-11D0-8D11-00A0C91BC942}") = "Day19cpp", "Day19cpp\Day19cpp.vcxproj", "{CD136087-6D08-4228-8322-DA5E067DB5D4}"
EndProject
Project("{8BC9CEB8-8B4A-11D0-8D11-00A0C91BC942}") = "Day20cpp", "Day20cpp\Day20cpp.vcxproj", "{57F0394A-0F9B-42A0-B72A-A6EDF6A44D2B}"
EndProject
Project("{8BC9CEB8-8B4A-11D0-8D11-00A0C91BC942}") = "Day21cpp", "Day21cpp\Day21cpp.vcxproj", "{800DD7FD-C86F-4010-B4A1-A09EEB00A59F}"
EndProject
Project("{8BC9CEB8-8B4A-11D0-8D11-00A0C91BC942}") = "Day22cpp", "Day22cpp\Day22cpp.vcxproj", "{ADD4801E-658C-44A7-8588-7844E0D552A3}"
EndProject
Project("{8BC9CEB8-8B4A-11D0-8D11-00A0C91BC942}") = "Day23cpp", "Day23cpp\Day23cpp.vcxproj", "{3FE281E5-2375-4D81-8931-2C16C8FD1735}"
EndProject
Project("{8BC9CEB8-8B4A-11D0-8D11-00A0C91BC942}") = "Day24cpp", "Day24cpp\Day24cpp.vcxproj", "{2DEE726D-A6FC-4451-94A5-26FBC5E56E82}"
EndProject
Project("{8BC9CEB8-8B4A-11D0-8D11-00A0C91BC942}") = "Day25cpp", "Day25cpp\Day25cpp.vcxproj", "{182414FD-F509-4383-88D3-CC4CD5906766}"
EndProject
Global
	GlobalSection(SolutionConfigurationPlatforms) = preSolution
		Debug|Any CPU = Debug|Any CPU
		Debug|x64 = Debug|x64
		Debug|x86 = Debug|x86
		Release|Any CPU = Release|Any CPU
		Release|x64 = Release|x64
		Release|x86 = Release|x86
	EndGlobalSection
	GlobalSection(ProjectConfigurationPlatforms) = postSolution
		{98FE39CD-9894-401F-9613-3B73CE3DA80B}.Debug|Any CPU.ActiveCfg = Debug|x64
		{98FE39CD-9894-401F-9613-3B73CE3DA80B}.Debug|Any CPU.Build.0 = Debug|x64
		{98FE39CD-9894-401F-9613-3B73CE3DA80B}.Debug|x64.ActiveCfg = Debug|x64
		{98FE39CD-9894-401F-9613-3B73CE3DA80B}.Debug|x64.Build.0 = Debug|x64
		{98FE39CD-9894-401F-9613-3B73CE3DA80B}.Debug|x86.ActiveCfg = Debug|Win32
		{98FE39CD-9894-401F-9613-3B73CE3DA80B}.Debug|x86.Build.0 = Debug|Win32
		{98FE39CD-9894-401F-9613-3B73CE3DA80B}.Release|Any CPU.ActiveCfg = Release|x64
		{98FE39CD-9894-401F-9613-3B73CE3DA80B}.Release|Any CPU.Build.0 = Release|x64
		{98FE39CD-9894-401F-9613-3B73CE3DA80B}.Release|x64.ActiveCfg = Release|x64
		{98FE39CD-9894-401F-9613-3B73CE3DA80B}.Release|x64.Build.0 = Release|x64
		{98FE39CD-9894-401F-9613-3B73CE3DA80B}.Release|x86.ActiveCfg = Release|Win32
		{98FE39CD-9894-401F-9613-3B73CE3DA80B}.Release|x86.Build.0 = Release|Win32
		{BA707233-7B66-43BB-B7E4-F9261F69000E}.Debug|Any CPU.ActiveCfg = Debug|x64
		{BA707233-7B66-43BB-B7E4-F9261F69000E}.Debug|Any CPU.Build.0 = Debug|x64
		{BA707233-7B66-43BB-B7E4-F9261F69000E}.Debug|x64.ActiveCfg = Debug|x64
		{BA707233-7B66-43BB-B7E4-F9261F69000E}.Debug|x64.Build.0 = Debug|x64
		{BA707233-7B66-43BB-B7E4-F9261F69000E}.Debug|x86.ActiveCfg = Debug|Win32
		{BA707233-7B66-43BB-B7E4-F9261F69000E}.Debug|x86.Build.0 = Debug|Win32
		{BA707233-7B66-43BB-B7E4-F9261F69000E}.Release|Any CPU.ActiveCfg = Release|x64
		{BA707233-7B66-43BB-B7E4-F9261F69000E}.Release|Any CPU.Build.0 = Release|x64
		{BA707233-7B66-43BB-B7E4-F9261F69000E}.Release|x64.ActiveCfg = Release|x64
		{BA707233-7B66-43BB-B7E4-F9261F69000E}.Release|x64.Build.0 = Release|x64
		{BA707233-7B66-43BB-B7E4-F9261F69000E}.Release|x86.ActiveCfg = Release|Win32
		{BA707233-7B66-43BB-B7E4-F9261F69000E}.Release|x86.Build.0 = Release|Win32
		{34DDE30F-17FF-49FB-A717-5B538438F01D}.Debug|Any CPU.ActiveCfg = Debug|x64
		{34DDE30F-17FF-49FB-A717-5B538438F01D}.Debug|Any CPU.Build.0 = Debug|x64
		{34DDE30F-17FF-49FB-A717-5B538438F01D}.Debug|x64.ActiveCfg = Debug|x64
		{34DDE30F-17FF-49FB-A717-5B538438F01D}.Debug|x64.Build.0 = Debug|x64
		{34DDE30F-17FF-49FB-A717-5B538438F01D}.Debug|x86.ActiveCfg = Debug|Win32
		{34DDE30F-17FF-49FB-A717-5B538438F01D}.Debug|x86.Build.0 = Debug|Win32
		{34DDE30F-17FF-49FB-A717-5B538438F01D}.Release|Any CPU.ActiveCfg = Release|x64
		{34DDE30F-17FF-49FB-A717-5B538438F01D}.Release|Any CPU.Build.0 = Release|x64
		{34DDE30F-17FF-49FB-A717-5B538438F01D}.Release|x64.ActiveCfg = Release|x64
		{34DDE30F-17FF-49FB-A717-5B538438F01D}.Release|x64.Build.0 = Release|x64
		{34DDE30F-17FF-49FB-A717-5B538438F01D}.Release|x86.ActiveCfg = Release|Win32
		{34DDE30F-17FF-49FB-A717-5B538438F01D}.Release|x86.Build.0 = Release|Win32
		{900BCF50-6757-45A4-8E63-E3416F3F9E88}.Debug|Any CPU.ActiveCfg = Debug|x64
		{900BCF50-6757-45A4-8E63-E3416F3F9E88}.Debug|x64.ActiveCfg = Debug|x64
		{900BCF50-6757-45A4-8E63-E3416F3F9E88}.Debug|x64.Build.0 = Debug|x64
		{900BCF50-6757-45A4-8E63-E3416F3F9E88}.Debug|x86.ActiveCfg = Debug|Win32
		{900BCF50-6757-45A4-8E63-E3416F3F9E88}.Debug|x86.Build.0 = Debug|Win32
		{900BCF50-6757-45A4-8E63-E3416F3F9E88}.Release|Any CPU.ActiveCfg = Release|x64
		{900BCF50-6757-45A4-8E63-E3416F3F9E88}.Release|x64.ActiveCfg = Release|x64
		{900BCF50-6757-45A4-8E63-E3416F3F9E88}.Release|x64.Build.0 = Release|x64
		{900BCF50-6757-45A4-8E63-E3416F3F9E88}.Release|x86.ActiveCfg = Release|Win32
		{900BCF50-6757-45A4-8E63-E3416F3F9E88}.Release|x86.Build.0 = Release|Win32
		{30866253-B839-48AE-AB25-088D8192EDA4}.Debug|Any CPU.ActiveCfg = Debug|x64
		{30866253-B839-48AE-AB25-088D8192EDA4}.Debug|Any CPU.Build.0 = Debug|x64
		{30866253-B839-48AE-AB25-088D8192EDA4}.Debug|x64.ActiveCfg = Debug|x64
		{30866253-B839-48AE-AB25-088D8192EDA4}.Debug|x64.Build.0 = Debug|x64
		{30866253-B839-48AE-AB25-088D8192EDA4}.Debug|x86.ActiveCfg = Debug|Win32
		{30866253-B839-48AE-AB25-088D8192EDA4}.Debug|x86.Build.0 = Debug|Win32
		{30866253-B839-48AE-AB25-088D8192EDA4}.Release|Any CPU.ActiveCfg = Release|x64
		{30866253-B839-48AE-AB25-088D8192EDA4}.Release|Any CPU.Build.0 = Release|x64
		{30866253-B839-48AE-AB25-088D8192EDA4}.Release|x64.ActiveCfg = Release|x64
		{30866253-B839-48AE-AB25-088D8192EDA4}.Release|x64.Build.0 = Release|x64
		{30866253-B839-48AE-AB25-088D8192EDA4}.Release|x86.ActiveCfg = Release|Win32
		{30866253-B839-48AE-AB25-088D8192EDA4}.Release|x86.Build.0 = Release|Win32
		{4A547530-03D5-4ADC-AC66-DC5ED66F5CA6}.Debug|Any CPU.ActiveCfg = Debug|x64
		{4A547530-03D5-4ADC-AC66-DC5ED66F5CA6}.Debug|Any CPU.Build.0 = Debug|x64
		{4A547530-03D5-4ADC-AC66-DC5ED66F5CA6}.Debug|x64.ActiveCfg = Debug|x64
		{4A547530-03D5-4ADC-AC66-DC5ED66F5CA6}.Debug|x64.Build.0 = Debug|x64
		{4A547530-03D5-4ADC-AC66-DC5ED66F5CA6}.Debug|x86.ActiveCfg = Debug|Win32
		{4A547530-03D5-4ADC-AC66-DC5ED66F5CA6}.Debug|x86.Build.0 = Debug|Win32
		{4A547530-03D5-4ADC-AC66-DC5ED66F5CA6}.Release|Any CPU.ActiveCfg = Release|x64
		{4A547530-03D5-4ADC-AC66-DC5ED66F5CA6}.Release|Any CPU.Build.0 = Release|x64
		{4A547530-03D5-4ADC-AC66-DC5ED66F5CA6}.Release|x64.ActiveCfg = Release|x64
		{4A547530-03D5-4ADC-AC66-DC5ED66F5CA6}.Release|x64.Build.0 = Release|x64
		{4A547530-03D5-4ADC-AC66-DC5ED66F5CA6}.Release|x86.ActiveCfg = Release|Win32
		{4A547530-03D5-4ADC-AC66-DC5ED66F5CA6}.Release|x86.Build.0 = Release|Win32
		{A8E97BE7-FDCE-4BB6-861F-8C2ABB07E33D}.Debug|Any CPU.ActiveCfg = Debug|x64
		{A8E97BE7-FDCE-4BB6-861F-8C2ABB07E33D}.Debug|Any CPU.Build.0 = Debug|x64
		{A8E97BE7-FDCE-4BB6-861F-8C2ABB07E33D}.Debug|x64.ActiveCfg = Debug|x64
		{A8E97BE7-FDCE-4BB6-861F-8C2ABB07E33D}.Debug|x64.Build.0 = Debug|x64
		{A8E97BE7-FDCE-4BB6-861F-8C2ABB07E33D}.Debug|x86.ActiveCfg = Debug|Win32
		{A8E97BE7-FDCE-4BB6-861F-8C2ABB07E33D}.Debug|x86.Build.0 = Debug|Win32
		{A8E97BE7-FDCE-4BB6-861F-8C2ABB07E33D}.Release|Any CPU.ActiveCfg = Release|x64
		{A8E97BE7-FDCE-4BB6-861F-8C2ABB07E33D}.Release|Any CPU.Build.0 = Release|x64
		{A8E97BE7-FDCE-4BB6-861F-8C2ABB07E33D}.Release|x64.ActiveCfg = Release|x64
		{A8E97BE7-FDCE-4BB6-861F-8C2ABB07E33D}.Release|x64.Build.0 = Release|x64
		{A8E97BE7-FDCE-4BB6-861F-8C2ABB07E33D}.Release|x86.ActiveCfg = Release|Win32
		{A8E97BE7-FDCE-4BB6-861F-8C2ABB07E33D}.Release|x86.Build.0 = Release|Win32
		{5F36F73C-6121-4D0D-955D-40AF7BF2C0CD}.Debug|Any CPU.ActiveCfg = Debug|x64
		{5F36F73C-6121-4D0D-955D-40AF7BF2C0CD}.Debug|Any CPU.Build.0 = Debug|x64
		{5F36F73C-6121-4D0D-955D-40AF7BF2C0CD}.Debug|x64.ActiveCfg = Debug|x64
		{5F36F73C-6121-4D0D-955D-40AF7BF2C0CD}.Debug|x64.Build.0 = Debug|x64
		{5F36F73C-6121-4D0D-955D-40AF7BF2C0CD}.Debug|x86.ActiveCfg = Debug|Win32
		{5F36F73C-6121-4D0D-955D-40AF7BF2C0CD}.Debug|x86.Build.0 = Debug|Win32
		{5F36F73C-6121-4D0D-955D-40AF7BF2C0CD}.Release|Any CPU.ActiveCfg = Release|x64
		{5F36F73C-6121-4D0D-955D-40AF7BF2C0CD}.Release|Any CPU.Build.0 = Release|x64
		{5F36F73C-6121-4D0D-955D-40AF7BF2C0CD}.Release|x64.ActiveCfg = Release|x64
		{5F36F73C-6121-4D0D-955D-40AF7BF2C0CD}.Release|x64.Build.0 = Release|x64
		{5F36F73C-6121-4D0D-955D-40AF7BF2C0CD}.Release|x86.ActiveCfg = Release|Win32
		{5F36F73C-6121-4D0D-955D-40AF7BF2C0CD}.Release|x86.Build.0 = Release|Win32
		{9EDF69DD-56CF-4524-AE91-06C418B52A8B}.Debug|Any CPU.ActiveCfg = Debug|x64
		{9EDF69DD-56CF-4524-AE91-06C418B52A8B}.Debug|Any CPU.Build.0 = Debug|x64
		{9EDF69DD-56CF-4524-AE91-06C418B52A8B}.Debug|x64.ActiveCfg = Debug|x64
		{9EDF69DD-56CF-4524-AE91-06C418B52A8B}.Debug|x64.Build.0 = Debug|x64
		{9EDF69DD-56CF-4524-AE91-06C418B52A8B}.Debug|x86.ActiveCfg = Debug|Win32
		{9EDF69DD-56CF-4524-AE91-06C418B52A8B}.Debug|x86.Build.0 = Debug|Win32
		{9EDF69DD-56CF-4524-AE91-06C418B52A8B}.Release|Any CPU.ActiveCfg = Release|x64
		{9EDF69DD-56CF-4524-AE91-06C418B52A8B}.Release|Any CPU.Build.0 = Release|x64
		{9EDF69DD-56CF-4524-AE91-06C418B52A8B}.Release|x64.ActiveCfg = Release|x64
		{9EDF69DD-56CF-4524-AE91-06C418B52A8B}.Release|x64.Build.0 = Release|x64
		{9EDF69DD-56CF-4524-AE91-06C418B52A8B}.Release|x86.ActiveCfg = Release|Win32
		{9EDF69DD-56CF-4524-AE91-06C418B52A8B}.Release|x86.Build.0 = Release|Win32
		{64DB2CE6-ABD0-4302-AA83-6AB0A642F48A}.Debug|Any CPU.ActiveCfg = Debug|x64
		{64DB2CE6-ABD0-4302-AA83-6AB0A642F48A}.Debug|Any CPU.Build.0 = Debug|x64
		{64DB2CE6-ABD0-4302-AA83-6AB0A642F48A}.Debug|x64.ActiveCfg = Debug|x64
		{64DB2CE6-ABD0-4302-AA83-6AB0A642F48A}.Debug|x64.Build.0 = Debug|x64
		{64DB2CE6-ABD0-4302-AA83-6AB0A642F48A}.Debug|x86.ActiveCfg = Debug|Win32
		{64DB2CE6-ABD0-4302-AA83-6AB0A642F48A}.Debug|x86.Build.0 = Debug|Win32
		{64DB2CE6-ABD0-4302-AA83-6AB0A642F48A}.Release|Any CPU.ActiveCfg = Release|x64
		{64DB2CE6-ABD0-4302-AA83-6AB0A642F48A}.Release|Any CPU.Build.0 = Release|x64
		{64DB2CE6-ABD0-4302-AA83-6AB0A642F48A}.Release|x64.ActiveCfg = Release|x64
		{64DB2CE6-ABD0-4302-AA83-6AB0A642F48A}.Release|x64.Build.0 = Release|x64
		{64DB2CE6-ABD0-4302-AA83-6AB0A642F48A}.Release|x86.ActiveCfg = Release|Win32
		{64DB2CE6-ABD0-4302-AA83-6AB0A642F48A}.Release|x86.Build.0 = Release|Win32
		{412C2F9C-5248-4AD8-9102-C6B2C492E0FD}.Debug|Any CPU.ActiveCfg = Debug|Any CPU
		{412C2F9C-5248-4AD8-9102-C6B2C492E0FD}.Debug|Any CPU.Build.0 = Debug|Any CPU
		{412C2F9C-5248-4AD8-9102-C6B2C492E0FD}.Debug|x64.ActiveCfg = Debug|Any CPU
		{412C2F9C-5248-4AD8-9102-C6B2C492E0FD}.Debug|x64.Build.0 = Debug|Any CPU
		{412C2F9C-5248-4AD8-9102-C6B2C492E0FD}.Debug|x86.ActiveCfg = Debug|Any CPU
		{412C2F9C-5248-4AD8-9102-C6B2C492E0FD}.Debug|x86.Build.0 = Debug|Any CPU
		{412C2F9C-5248-4AD8-9102-C6B2C492E0FD}.Release|Any CPU.ActiveCfg = Release|Any CPU
		{412C2F9C-5248-4AD8-9102-C6B2C492E0FD}.Release|Any CPU.Build.0 = Release|Any CPU
		{412C2F9C-5248-4AD8-9102-C6B2C492E0FD}.Release|x64.ActiveCfg = Release|Any CPU
		{412C2F9C-5248-4AD8-9102-C6B2C492E0FD}.Release|x64.Build.0 = Release|Any CPU
		{412C2F9C-5248-4AD8-9102-C6B2C492E0FD}.Release|x86.ActiveCfg = Release|Any CPU
		{412C2F9C-5248-4AD8-9102-C6B2C492E0FD}.Release|x86.Build.0 = Release|Any CPU
		{8A3E9581-C2F7-4298-AE21-606464457756}.Debug|Any CPU.ActiveCfg = Debug|x64
		{8A3E9581-C2F7-4298-AE21-606464457756}.Debug|Any CPU.Build.0 = Debug|x64
		{8A3E9581-C2F7-4298-AE21-606464457756}.Debug|x64.ActiveCfg = Debug|x64
		{8A3E9581-C2F7-4298-AE21-606464457756}.Debug|x64.Build.0 = Debug|x64
		{8A3E9581-C2F7-4298-AE21-606464457756}.Debug|x86.ActiveCfg = Debug|Win32
		{8A3E9581-C2F7-4298-AE21-606464457756}.Debug|x86.Build.0 = Debug|Win32
		{8A3E9581-C2F7-4298-AE21-606464457756}.Release|Any CPU.ActiveCfg = Release|x64
		{8A3E9581-C2F7-4298-AE21-606464457756}.Release|Any CPU.Build.0 = Release|x64
		{8A3E9581-C2F7-4298-AE21-606464457756}.Release|x64.ActiveCfg = Release|x64
		{8A3E9581-C2F7-4298-AE21-606464457756}.Release|x64.Build.0 = Release|x64
		{8A3E9581-C2F7-4298-AE21-606464457756}.Release|x86.ActiveCfg = Release|Win32
		{8A3E9581-C2F7-4298-AE21-606464457756}.Release|x86.Build.0 = Release|Win32
		{9CBB0E74-80B8-4FD5-B93E-88E5441C913F}.Debug|Any CPU.ActiveCfg = Debug|x64
		{9CBB0E74-80B8-4FD5-B93E-88E5441C913F}.Debug|Any CPU.Build.0 = Debug|x64
		{9CBB0E74-80B8-4FD5-B93E-88E5441C913F}.Debug|x64.ActiveCfg = Debug|x64
		{9CBB0E74-80B8-4FD5-B93E-88E5441C913F}.Debug|x64.Build.0 = Debug|x64
		{9CBB0E74-80B8-4FD5-B93E-88E5441C913F}.Debug|x86.ActiveCfg = Debug|Win32
		{9CBB0E74-80B8-4FD5-B93E-88E5441C913F}.Debug|x86.Build.0 = Debug|Win32
		{9CBB0E74-80B8-4FD5-B93E-88E5441C913F}.Release|Any CPU.ActiveCfg = Release|x64
		{9CBB0E74-80B8-4FD5-B93E-88E5441C913F}.Release|Any CPU.Build.0 = Release|x64
		{9CBB0E74-80B8-4FD5-B93E-88E5441C913F}.Release|x64.ActiveCfg = Release|x64
		{9CBB0E74-80B8-4FD5-B93E-88E5441C913F}.Release|x64.Build.0 = Release|x64
		{9CBB0E74-80B8-4FD5-B93E-88E5441C913F}.Release|x86.ActiveCfg = Release|Win32
		{9CBB0E74-80B8-4FD5-B93E-88E5441C913F}.Release|x86.Build.0 = Release|Win32
		{44CA65CE-0AA7-4CF6-ABE5-1B4BE2056CAB}.Debug|Any CPU.ActiveCfg = Debug|x64
		{44CA65CE-0AA7-4CF6-ABE5-1B4BE2056CAB}.Debug|Any CPU.Build.0 = Debug|x64
		{44CA65CE-0AA7-4CF6-ABE5-1B4BE2056CAB}.Debug|x64.ActiveCfg = Debug|x64
		{44CA65CE-0AA7-4CF6-ABE5-1B4BE2056CAB}.Debug|x64.Build.0 = Debug|x64
		{44CA65CE-0AA7-4CF6-ABE5-1B4BE2056CAB}.Debug|x86.ActiveCfg = Debug|Win32
		{44CA65CE-0AA7-4CF6-ABE5-1B4BE2056CAB}.Debug|x86.Build.0 = Debug|Win32
		{44CA65CE-0AA7-4CF6-ABE5-1B4BE2056CAB}.Release|Any CPU.ActiveCfg = Release|x64
		{44CA65CE-0AA7-4CF6-ABE5-1B4BE2056CAB}.Release|Any CPU.Build.0 = Release|x64
		{44CA65CE-0AA7-4CF6-ABE5-1B4BE2056CAB}.Release|x64.ActiveCfg = Release|x64
		{44CA65CE-0AA7-4CF6-ABE5-1B4BE2056CAB}.Release|x64.Build.0 = Release|x64
		{44CA65CE-0AA7-4CF6-ABE5-1B4BE2056CAB}.Release|x86.ActiveCfg = Release|Win32
		{44CA65CE-0AA7-4CF6-ABE5-1B4BE2056CAB}.Release|x86.Build.0 = Release|Win32
		{1F7D035C-38AD-46B1-8E1A-643050DD2269}.Debug|Any CPU.ActiveCfg = Debug|x64
		{1F7D035C-38AD-46B1-8E1A-643050DD2269}.Debug|Any CPU.Build.0 = Debug|x64
		{1F7D035C-38AD-46B1-8E1A-643050DD2269}.Debug|x64.ActiveCfg = Debug|x64
		{1F7D035C-38AD-46B1-8E1A-643050DD2269}.Debug|x64.Build.0 = Debug|x64
		{1F7D035C-38AD-46B1-8E1A-643050DD2269}.Debug|x86.ActiveCfg = Debug|Win32
		{1F7D035C-38AD-46B1-8E1A-643050DD2269}.Debug|x86.Build.0 = Debug|Win32
		{1F7D035C-38AD-46B1-8E1A-643050DD2269}.Release|Any CPU.ActiveCfg = Release|x64
		{1F7D035C-38AD-46B1-8E1A-643050DD2269}.Release|Any CPU.Build.0 = Release|x64
		{1F7D035C-38AD-46B1-8E1A-643050DD2269}.Release|x64.ActiveCfg = Release|x64
		{1F7D035C-38AD-46B1-8E1A-643050DD2269}.Release|x64.Build.0 = Release|x64
		{1F7D035C-38AD-46B1-8E1A-643050DD2269}.Release|x86.ActiveCfg = Release|Win32
		{1F7D035C-38AD-46B1-8E1A-643050DD2269}.Release|x86.Build.0 = Release|Win32
		{DFB63F1C-B87E-445F-997C-32BEE8438EC2}.Debug|Any CPU.ActiveCfg = Debug|x64
		{DFB63F1C-B87E-445F-997C-32BEE8438EC2}.Debug|Any CPU.Build.0 = Debug|x64
		{DFB63F1C-B87E-445F-997C-32BEE8438EC2}.Debug|x64.ActiveCfg = Debug|x64
		{DFB63F1C-B87E-445F-997C-32BEE8438EC2}.Debug|x64.Build.0 = Debug|x64
		{DFB63F1C-B87E-445F-997C-32BEE8438EC2}.Debug|x86.ActiveCfg = Debug|Win32
		{DFB63F1C-B87E-445F-997C-32BEE8438EC2}.Debug|x86.Build.0 = Debug|Win32
		{DFB63F1C-B87E-445F-997C-32BEE8438EC2}.Release|Any CPU.ActiveCfg = Release|x64
		{DFB63F1C-B87E-445F-997C-32BEE8438EC2}.Release|Any CPU.Build.0 = Release|x64
		{DFB63F1C-B87E-445F-997C-32BEE8438EC2}.Release|x64.ActiveCfg = Release|x64
		{DFB63F1C-B87E-445F-997C-32BEE8438EC2}.Release|x64.Build.0 = Release|x64
		{DFB63F1C-B87E-445F-997C-32BEE8438EC2}.Release|x86.ActiveCfg = Release|Win32
		{DFB63F1C-B87E-445F-997C-32BEE8438EC2}.Release|x86.Build.0 = Release|Win32
		{7650975D-CA4C-4A95-8B8D-07E482E5E4B4}.Debug|Any CPU.ActiveCfg = Debug|x64
		{7650975D-CA4C-4A95-8B8D-07E482E5E4B4}.Debug|Any CPU.Build.0 = Debug|x64
		{7650975D-CA4C-4A95-8B8D-07E482E5E4B4}.Debug|x64.ActiveCfg = Debug|x64
		{7650975D-CA4C-4A95-8B8D-07E482E5E4B4}.Debug|x64.Build.0 = Debug|x64
		{7650975D-CA4C-4A95-8B8D-07E482E5E4B4}.Debug|x86.ActiveCfg = Debug|Win32
		{7650975D-CA4C-4A95-8B8D-07E482E5E4B4}.Debug|x86.Build.0 = Debug|Win32
		{7650975D-CA4C-4A95-8B8D-07E482E5E4B4}.Release|Any CPU.ActiveCfg = Release|x64
		{7650975D-CA4C-4A95-8B8D-07E482E5E4B4}.Release|Any CPU.Build.0 = Release|x64
		{7650975D-CA4C-4A95-8B8D-07E482E5E4B4}.Release|x64.ActiveCfg = Release|x64
		{7650975D-CA4C-4A95-8B8D-07E482E5E4B4}.Release|x64.Build.0 = Release|x64
		{7650975D-CA4C-4A95-8B8D-07E482E5E4B4}.Release|x86.ActiveCfg = Release|Win32
		{7650975D-CA4C-4A95-8B8D-07E482E5E4B4}.Release|x86.Build.0 = Release|Win32
		{402FBFE6-6561-4202-932B-DB68AE58AC67}.Debug|Any CPU.ActiveCfg = Debug|x64
		{402FBFE6-6561-4202-932B-DB68AE58AC67}.Debug|Any CPU.Build.0 = Debug|x64
		{402FBFE6-6561-4202-932B-DB68AE58AC67}.Debug|x64.ActiveCfg = Debug|x64
		{402FBFE6-6561-4202-932B-DB68AE58AC67}.Debug|x64.Build.0 = Debug|x64
		{402FBFE6-6561-4202-932B-DB68AE58AC67}.Debug|x86.ActiveCfg = Debug|Win32
		{402FBFE6-6561-4202-932B-DB68AE58AC67}.Debug|x86.Build.0 = Debug|Win32
		{402FBFE6-6561-4202-932B-DB68AE58AC67}.Release|Any CPU.ActiveCfg = Release|x64
		{402FBFE6-6561-4202-932B-DB68AE58AC67}.Release|Any CPU.Build.0 = Release|x64
		{402FBFE6-6561-4202-932B-DB68AE58AC67}.Release|x64.ActiveCfg = Release|x64
		{402FBFE6-6561-4202-932B-DB68AE58AC67}.Release|x64.Build.0 = Release|x64
		{402FBFE6-6561-4202-932B-DB68AE58AC67}.Release|x86.ActiveCfg = Release|Win32
		{402FBFE6-6561-4202-932B-DB68AE58AC67}.Release|x86.Build.0 = Release|Win32
		{2E4D8C50-ADB1-4C59-9638-4D16F84F7482}.Debug|Any CPU.ActiveCfg = Debug|x64
		{2E4D8C50-ADB1-4C59-9638-4D16F84F7482}.Debug|Any CPU.Build.0 = Debug|x64
		{2E4D8C50-ADB1-4C59-9638-4D16F84F7482}.Debug|x64.ActiveCfg = Debug|x64
		{2E4D8C50-ADB1-4C59-9638-4D16F84F7482}.Debug|x64.Build.0 = Debug|x64
		{2E4D8C50-ADB1-4C59-9638-4D16F84F7482}.Debug|x86.ActiveCfg = Debug|Win32
		{2E4D8C50-ADB1-4C59-9638-4D16F84F7482}.Debug|x86.Build.0 = Debug|Win32
		{2E4D8C50-ADB1-4C59-9638-4D16F84F7482}.Release|Any CPU.ActiveCfg = Release|x64
		{2E4D8C50-ADB1-4C59-9638-4D16F84F7482}.Release|Any CPU.Build.0 = Release|x64
		{2E4D8C50-ADB1-4C59-9638-4D16F84F7482}.Release|x64.ActiveCfg = Release|x64
		{2E4D8C50-ADB1-4C59-9638-4D16F84F7482}.Release|x64.Build.0 = Release|x64
		{2E4D8C50-ADB1-4C59-9638-4D16F84F7482}.Release|x86.ActiveCfg = Release|Win32
		{2E4D8C50-ADB1-4C59-9638-4D16F84F7482}.Release|x86.Build.0 = Release|Win32
		{32A65258-A37B-4646-8112-402EA028BEEC}.Debug|Any CPU.ActiveCfg = Debug|x64
		{32A65258-A37B-4646-8112-402EA028BEEC}.Debug|Any CPU.Build.0 = Debug|x64
		{32A65258-A37B-4646-8112-402EA028BEEC}.Debug|x64.ActiveCfg = Debug|x64
		{32A65258-A37B-4646-8112-402EA028BEEC}.Debug|x64.Build.0 = Debug|x64
		{32A65258-A37B-4646-8112-402EA028BEEC}.Debug|x86.ActiveCfg = Debug|Win32
		{32A65258-A37B-4646-8112-402EA028BEEC}.Debug|x86.Build.0 = Debug|Win32
		{32A65258-A37B-4646-8112-402EA028BEEC}.Release|Any CPU.ActiveCfg = Release|x64
		{32A65258-A37B-4646-8112-402EA028BEEC}.Release|Any CPU.Build.0 = Release|x64
		{32A65258-A37B-4646-8112-402EA028BEEC}.Release|x64.ActiveCfg = Release|x64
		{32A65258-A37B-4646-8112-402EA028BEEC}.Release|x64.Build.0 = Release|x64
		{32A65258-A37B-4646-8112-402EA028BEEC}.Release|x86.ActiveCfg = Release|Win32
		{32A65258-A37B-4646-8112-402EA028BEEC}.Release|x86.Build.0 = Release|Win32
		{C5312515-B508-4D07-B515-ECA16BB902F9}.Debug|Any CPU.ActiveCfg = Debug|x64
		{C5312515-B508-4D07-B515-ECA16BB902F9}.Debug|Any CPU.Build.0 = Debug|x64
		{C5312515-B508-4D07-B515-ECA16BB902F9}.Debug|x64.ActiveCfg = Debug|x64
		{C5312515-B508-4D07-B515-ECA16BB902F9}.Debug|x64.Build.0 = Debug|x64
		{C5312515-B508-4D07-B515-ECA16BB902F9}.Debug|x86.ActiveCfg = Debug|Win32
		{C5312515-B508-4D07-B515-ECA16BB902F9}.Debug|x86.Build.0 = Debug|Win32
		{C5312515-B508-4D07-B515-ECA16BB902F9}.Release|Any CPU.ActiveCfg = Release|x64
		{C5312515-B508-4D07-B515-ECA16BB902F9}.Release|Any CPU.Build.0 = Release|x64
		{C5312515-B508-4D07-B515-ECA16BB902F9}.Release|x64.ActiveCfg = Release|x64
		{C5312515-B508-4D07-B515-ECA16BB902F9}.Release|x64.Build.0 = Release|x64
		{C5312515-B508-4D07-B515-ECA16BB902F9}.Release|x86.ActiveCfg = Release|Win32
		{C5312515-B508-4D07-B515-ECA16BB902F9}.Release|x86.Build.0 = Release|Win32
		{52084A2B-0B63-4C4F-8F40-8E0350B6E1D9}.Debug|Any CPU.ActiveCfg = Debug|x64
		{52084A2B-0B63-4C4F-8F40-8E0350B6E1D9}.Debug|Any CPU.Build.0 = Debug|x64
		{52084A2B-0B63-4C4F-8F40-8E0350B6E1D9}.Debug|x64.ActiveCfg = Debug|x64
		{52084A2B-0B63-4C4F-8F40-8E0350B6E1D9}.Debug|x64.Build.0 = Debug|x64
		{52084A2B-0B63-4C4F-8F40-8E0350B6E1D9}.Debug|x86.ActiveCfg = Debug|Win32
		{52084A2B-0B63-4C4F-8F40-8E0350B6E1D9}.Debug|x86.Build.0 = Debug|Win32
		{52084A2B-0B63-4C4F-8F40-8E0350B6E1D9}.Release|Any CPU.ActiveCfg = Release|x64
		{52084A2B-0B63-4C4F-8F40-8E0350B6E1D9}.Release|Any CPU.Build.0 = Release|x64
		{52084A2B-0B63-4C4F-8F40-8E0350B6E1D9}.Release|x64.ActiveCfg = Release|x64
		{52084A2B-0B63-4C4F-8F40-8E0350B6E1D9}.Release|x64.Build.0 = Release|x64
		{52084A2B-0B63-4C4F-8F40-8E0350B6E1D9}.Release|x86.ActiveCfg = Release|Win32
		{52084A2B-0B63-4C4F-8F40-8E0350B6E1D9}.Release|x86.Build.0 = Release|Win32
		{CD136087-6D08-4228-8322-DA5E067DB5D4}.Debug|Any CPU.ActiveCfg = Debug|x64
		{CD136087-6D08-4228-8322-DA5E067DB5D4}.Debug|Any CPU.Build.0 = Debug|x64
		{CD136087-6D08-4228-8322-DA5E067DB5D4}.Debug|x64.ActiveCfg = Debug|x64
		{CD136087-6D08-4228-8322-DA5E067DB5D4}.Debug|x64.Build.0 = Debug|x64
		{CD136087-6D08-4228-8322-DA5E067DB5D4}.Debug|x86.ActiveCfg = Debug|Win32
		{CD136087-6D08-4228-8322-DA5E067DB5D4}.Debug|x86.Build.0 = Debug|Win32
		{CD136087-6D08-4228-8322-DA5E067DB5D4}.Release|Any CPU.ActiveCfg = Release|x64
		{CD136087-6D08-4228-8322-DA5E067DB5D4}.Release|Any CPU.Build.0 = Release|x64
		{CD136087-6D08-4228-8322-DA5E067DB5D4}.Release|x64.ActiveCfg = Release|x64
		{CD136087-6D08-4228-8322-DA5E067DB5D4}.Release|x64.Build.0 = Release|x64
		{CD136087-6D08-4228-8322-DA5E067DB5D4}.Release|x86.ActiveCfg = Release|Win32
		{CD136087-6D08-4228-8322-DA5E067DB5D4}.Release|x86.Build.0 = Release|Win32
		{57F0394A-0F9B-42A0-B72A-A6EDF6A44D2B}.Debug|Any CPU.ActiveCfg = Debug|x64
		{57F0394A-0F9B-42A0-B72A-A6EDF6A44D2B}.Debug|Any CPU.Build.0 = Debug|x64
		{57F0394A-0F9B-42A0-B72A-A6EDF6A44D2B}.Debug|x64.ActiveCfg = Debug|x64
		{57F0394A-0F9B-42A0-B72A-A6EDF6A44D2B}.Debug|x64.Build.0 = Debug|x64
		{57F0394A-0F9B-42A0-B72A-A6EDF6A44D2B}.Debug|x86.ActiveCfg = Debug|Win32
		{57F0394A-0F9B-42A0-B72A-A6EDF6A44D2B}.Debug|x86.Build.0 = Debug|Win32
		{57F0394A-0F9B-42A0-B72A-A6EDF6A44D2B}.Release|Any CPU.ActiveCfg = Release|x64
		{57F0394A-0F9B-42A0-B72A-A6EDF6A44D2B}.Release|Any CPU.Build.0 = Release|x64
		{57F0394A-0F9B-42A0-B72A-A6EDF6A44D2B}.Release|x64.ActiveCfg = Release|x64
		{57F0394A-0F9B-42A0-B72A-A6EDF6A44D2B}.Release|x64.Build.0 = Release|x64
		{57F0394A-0F9B-42A0-B72A-A6EDF6A44D2B}.Release|x86.ActiveCfg = Release|Win32
		{57F0394A-0F9B-42A0-B72A-A6EDF6A44D2B}.Release|x86.Build.0 = Release|Win32
		{800DD7FD-C86F-4010-B4A1-A09EEB00A59F}.Debug|Any CPU.ActiveCfg = Debug|x64
		{800DD7FD-C86F-4010-B4A1-A09EEB00A59F}.Debug|Any CPU.Build.0 = Debug|x64
		{800DD7FD-C86F-4010-B4A1-A09EEB00A59F}.Debug|x64.ActiveCfg = Debug|x64
		{800DD7FD-C86F-4010-B4A1-A09EEB00A59F}.Debug|x64.Build.0 = Debug|x64
		{800DD7FD-C86F-4010-B4A1-A09EEB00A59F}.Debug|x86.ActiveCfg = Debug|Win32
		{800DD7FD-C86F-4010-B4A1-A09EEB00A59F}.Debug|x86.Build.0 = Debug|Win32
		{800DD7FD-C86F-4010-B4A1-A09EEB00A59F}.Release|Any CPU.ActiveCfg = Release|x64
		{800DD7FD-C86F-4010-B4A1-A09EEB00A59F}.Release|Any CPU.Build.0 = Release|x64
		{800DD7FD-C86F-4010-B4A1-A09EEB00A59F}.Release|x64.ActiveCfg = Release|x64
		{800DD7FD-C86F-4010-B4A1-A09EEB00A59F}.Release|x64.Build.0 = Release|x64
		{800DD7FD-C86F-4010-B4A1-A09EEB00A59F}.Release|x86.ActiveCfg = Release|Win32
		{800DD7FD-C86F-4010-B4A1-A09EEB00A59F}.Release|x86.Build.0 = Release|Win32
		{ADD4801E-658C-44A7-8588-7844E0D552A3}.Debug|Any CPU.ActiveCfg = Debug|x64
		{ADD4801E-658C-44A7-8588-7844E0D552A3}.Debug|Any CPU.Build.0 = Debug|x64
		{ADD4801E-658C-44A7-8588-7844E0D552A3}.Debug|x64.ActiveCfg = Debug|x64
		{ADD4801E-658C-44A7-8588-7844E0D552A3}.Debug|x64.Build.0 = Debug|x64
		{ADD4801E-658C-44A7-8588-7844E0D552A3}.Debug|x86.ActiveCfg = Debug|Win32
		{ADD4801E-658C-44A7-8588-7844E0D552A3}.Debug|x86.Build.0 = Debug|Win32
		{ADD4801E-658C-44A7-8588-7844E0D552A3}.Release|Any CPU.ActiveCfg = Release|x64
		{ADD4801E-658C-44A7-8588-7844E0D552A3}.Release|Any CPU.Build.0 = Release|x64
		{ADD4801E-658C-44A7-8588-7844E0D552A3}.Release|x64.ActiveCfg = Release|x64
		{ADD4801E-658C-44A7-8588-7844E0D552A3}.Release|x64.Build.0 = Release|x64
		{ADD4801E-658C-44A7-8588-7844E0D552A3}.Release|x86.ActiveCfg = Release|Win32
		{ADD4801E-658C-44A7-8588-7844E0D552A3}.Release|x86.Build.0 = Release|Win32
		{3FE281E5-2375-4D81-8931-2C16C8FD1735}.Debug|Any CPU.ActiveCfg = Debug|x64
		{3FE281E5-2375-4D81-8931-2C16C8FD1735}.Debug|Any CPU.Build.0 = Debug|x64
		{3FE281E5-2375-4D81-8931-2C16C8FD1735}.Debug|x64.ActiveCfg = Debug|x64
		{3FE281E5-2375-4D81-8931-2C16C8FD1735}.Debug|x64.Build.0 = Debug|x64
		{3FE281E5-2375-4D81-8931-2C16C8FD1735}.Debug|x86.ActiveCfg = Debug|Win32
		{3FE281E5-2375-4D81-8931-2C16C8FD1735}.Debug|x86.Build.0 = Debug|Win32
		{3FE281E5-2375-4D81-8931-2C16C8FD1735}.Release|Any CPU.ActiveCfg = Release|x64
		{3FE281E5-2375-4D81-8931-2C16C8FD1735}.Release|Any CPU.Build.0 = Release|x64
		{3FE281E5-2375-4D81-8931-2C16C8FD1735}.Release|x64.ActiveCfg = Release|x64
		{3FE281E5-2375-4D81-8931-2C16C8FD1735}.Release|x64.Build.0 = Release|x64
		{3FE281E5-2375-4D81-8931-2C16C8FD1735}.Release|x86.ActiveCfg = Release|Win32
		{3FE281E5-2375-4D81-8931-2C16C8FD1735}.Release|x86.Build.0 = Release|Win32
		{2DEE726D-A6FC-4451-94A5-26FBC5E56E82}.Debug|Any CPU.ActiveCfg = Debug|x64
		{2DEE726D-A6FC-4451-94A5-26FBC5E56E82}.Debug|Any CPU.Build.0 = Debug|x64
		{2DEE726D-A6FC-4451-94A5-26FBC5E56E82}.Debug|x64.ActiveCfg = Debug|x64
		{2DEE726D-A6FC-4451-94A5-26FBC5E56E82}.Debug|x64.Build.0 = Debug|x64
		{2DEE726D-A6FC-4451-94A5-26FBC5E56E82}.Debug|x86.ActiveCfg = Debug|Win32
		{2DEE726D-A6FC-4451-94A5-26FBC5E56E82}.Debug|x86.Build.0 = Debug|Win32
		{2DEE726D-A6FC-4451-94A5-26FBC5E56E82}.Release|Any CPU.ActiveCfg = Release|x64
		{2DEE726D-A6FC-4451-94A5-26FBC5E56E82}.Release|Any CPU.Build.0 = Release|x64
		{2DEE726D-A6FC-4451-94A5-26FBC5E56E82}.Release|x64.ActiveCfg = Release|x64
		{2DEE726D-A6FC-4451-94A5-26FBC5E56E82}.Release|x64.Build.0 = Release|x64
		{2DEE726D-A6FC-4451-94A5-26FBC5E56E82}.Release|x86.ActiveCfg = Release|Win32
		{2DEE726D-A6FC-4451-94A5-26FBC5E56E82}.Release|x86.Build.0 = Release|Win32
		{182414FD-F509-4383-88D3-CC4CD5906766}.Debug|Any CPU.ActiveCfg = Debug|x64
		{182414FD-F509-4383-88D3-CC4CD5906766}.Debug|Any CPU.Build.0 = Debug|x64
		{182414FD-F509-4383-88D3-CC4CD5906766}.Debug|x64.ActiveCfg = Debug|x64
		{182414FD-F509-4383-88D3-CC4CD5906766}.Debug|x64.Build.0 = Debug|x64
		{182414FD-F509-4383-88D3-CC4CD5906766}.Debug|x86.ActiveCfg = Debug|Win32
		{182414FD-F509-4383-88D3-CC4CD5906766}.Debug|x86.Build.0 = Debug|Win32
		{182414FD-F509-4383-88D3-CC4CD5906766}.Release|Any CPU.ActiveCfg = Release|x64
		{182414FD-F509-4383-88D3-CC4CD5906766}.Release|Any CPU.Build.0 = Release|x64
		{182414FD-F509-4383-88D3-CC4CD5906766}.Release|x64.ActiveCfg = Release|x64
		{182414FD-F509-4383-88D3-CC4CD5906766}.Release|x64.Build.0 = Release|x64
		{182414FD-F509-4383-88D3-CC4CD5906766}.Release|x86.ActiveCfg = Release|Win32
		{182414FD-F509-4383-88D3-CC4CD5906766}.Release|x86.Build.0 = Release|Win32
	EndGlobalSection
	GlobalSection(SolutionProperties) = preSolution
		HideSolutionNode = FALSE
	EndGlobalSection
	GlobalSection(ExtensibilityGlobals) = postSolution
		SolutionGuid = {6E2F411A-A946-4200-A566-CA358C33635D}
	EndGlobalSection
EndGlobal
