
Microsoft Visual Studio Solution File, Format Version 12.00
# Visual Studio Version 17
VisualStudioVersion = 17.11.35312.102
MinimumVisualStudioVersion = 10.0.40219.1
Project("{9A19103F-16F7-4668-BE54-9A1E7A4F7556}") = "Day01cs", "Day01cs\Day01cs.csproj", "{58C23E38-9E10-473F-9648-4D4629CFAE6B}"
EndProject
Project("{9A19103F-16F7-4668-BE54-9A1E7A4F7556}") = "Day02cs", "Day02cs\Day02cs.csproj", "{38721C9F-5A79-4826-BD52-DA7B4A8D3503}"
EndProject
Project("{9A19103F-16F7-4668-BE54-9A1E7A4F7556}") = "Day03cs", "Day03cs\Day03cs.csproj", "{C3D3CB3B-C169-4E00-AEE6-39E41CC86CD6}"
EndProject
Project("{9A19103F-16F7-4668-BE54-9A1E7A4F7556}") = "Day04cs", "Day04cs\Day04cs.csproj", "{D324FB03-B6C3-4B37-AC0B-26693BEDDB62}"
EndProject
Project("{9A19103F-16F7-4668-BE54-9A1E7A4F7556}") = "Day05cs", "Day05cs\Day05cs.csproj", "{51833C43-7187-48CA-AE88-C0A17CFDC2CB}"
EndProject
Project("{9A19103F-16F7-4668-BE54-9A1E7A4F7556}") = "Day06cs", "Day06cs\Day06cs.csproj", "{7A24BE73-BD69-4A42-9492-C69742DCE2AB}"
EndProject
Project("{9A19103F-16F7-4668-BE54-9A1E7A4F7556}") = "Day07cs", "Day07cs\Day07cs.csproj", "{C184F2D9-573B-4282-85C3-CEA5A91C8186}"
EndProject
Project("{9A19103F-16F7-4668-BE54-9A1E7A4F7556}") = "Day08cs", "Day08cs\Day08cs.csproj", "{8922BAF6-1A13-4655-9C78-DF468BA591E7}"
EndProject
Project("{9A19103F-16F7-4668-BE54-9A1E7A4F7556}") = "Day09cs", "Day09cs\Day09cs.csproj", "{8F103A8D-1702-40D7-A9CA-634C57EB0F96}"
EndProject
Project("{9A19103F-16F7-4668-BE54-9A1E7A4F7556}") = "Day10cs", "Day10cs\Day10cs.csproj", "{17C46B55-0CB1-4BFD-B23B-0C95B661AA9A}"
EndProject
Project("{9A19103F-16F7-4668-BE54-9A1E7A4F7556}") = "Day11cs", "Day11cs\Day11cs.csproj", "{E0952ABC-52E6-43A3-B1B6-68B87E2FCE64}"
EndProject
Project("{9A19103F-16F7-4668-BE54-9A1E7A4F7556}") = "Day12cs", "Day12cs\Day12cs.csproj", "{F5A67F00-98E4-4BE4-B6E4-7FAC74D24513}"
EndProject
Project("{9A19103F-16F7-4668-BE54-9A1E7A4F7556}") = "Day13cs", "Day13cs\Day13cs.csproj", "{95292061-F494-4E5E-9371-2E022C4E832B}"
EndProject
Project("{9A19103F-16F7-4668-BE54-9A1E7A4F7556}") = "Day14cs", "Day14cs\Day14cs.csproj", "{970468DF-6267-4E0F-B264-B339676E0F25}"
EndProject
Project("{9A19103F-16F7-4668-BE54-9A1E7A4F7556}") = "Day15cs", "Day15cs\Day15cs.csproj", "{72ADF3FA-C2F9-45F6-BE82-5528DB734242}"
EndProject
Project("{9A19103F-16F7-4668-BE54-9A1E7A4F7556}") = "Day16cs", "Day16cs\Day16cs.csproj", "{185B2D74-1AF8-42DF-AC07-9ACF56C78C6B}"
EndProject
Project("{9A19103F-16F7-4668-BE54-9A1E7A4F7556}") = "Day17cs", "Day17cs\Day17cs.csproj", "{61129E3D-463E-4309-B281-979B2C8812FF}"
EndProject
Project("{9A19103F-16F7-4668-BE54-9A1E7A4F7556}") = "Day18cs", "Day18cs\Day18cs.csproj", "{31CCAD92-DE3D-421B-B207-15449EAB3F6B}"
EndProject
Project("{9A19103F-16F7-4668-BE54-9A1E7A4F7556}") = "Day19cs", "Day19cs\Day19cs.csproj", "{B0FD8278-9578-4B01-90ED-738B1FB30C97}"
EndProject
Project("{9A19103F-16F7-4668-BE54-9A1E7A4F7556}") = "Day20cs", "Day20cs\Day20cs.csproj", "{7EBDB7E6-98CD-48F9-B8AA-09E831510D92}"
EndProject
Project("{9A19103F-16F7-4668-BE54-9A1E7A4F7556}") = "Day21cs", "Day21cs\Day21cs.csproj", "{38732FE9-8C0F-4AFB-89DA-B79D87281C7B}"
EndProject
Project("{9A19103F-16F7-4668-BE54-9A1E7A4F7556}") = "Day22cs", "Day22cs\Day22cs.csproj", "{CBF1C2DA-D11E-4845-912A-86C061A04BB1}"
EndProject
Project("{9A19103F-16F7-4668-BE54-9A1E7A4F7556}") = "Day23cs", "Day23cs\Day23cs.csproj", "{DEE8C13C-AF5D-4499-9EAE-1A32B781508B}"
EndProject
Project("{9A19103F-16F7-4668-BE54-9A1E7A4F7556}") = "Day24cs", "Day24cs\Day24cs.csproj", "{D20C3AB9-E16B-478C-9A36-C928D1062760}"
EndProject
Project("{9A19103F-16F7-4668-BE54-9A1E7A4F7556}") = "Day25cs", "Day25cs\Day25cs.csproj", "{DE30504F-2E74-410D-8742-DD585A14F839}"
EndProject
Project("{FAE04EC0-301F-11D3-BF4B-00C04F79EFBC}") = "001_MyDFT", "001_MyDFT\001_MyDFT.csproj", "{3D8437B6-670C-4BC4-B943-5F6989C1EAE8}"
EndProject
Global
	GlobalSection(SolutionConfigurationPlatforms) = preSolution
		Debug|Any CPU = Debug|Any CPU
		Release|Any CPU = Release|Any CPU
	EndGlobalSection
	GlobalSection(ProjectConfigurationPlatforms) = postSolution
		{58C23E38-9E10-473F-9648-4D4629CFAE6B}.Debug|Any CPU.ActiveCfg = Debug|Any CPU
		{58C23E38-9E10-473F-9648-4D4629CFAE6B}.Debug|Any CPU.Build.0 = Debug|Any CPU
		{58C23E38-9E10-473F-9648-4D4629CFAE6B}.Release|Any CPU.ActiveCfg = Release|Any CPU
		{58C23E38-9E10-473F-9648-4D4629CFAE6B}.Release|Any CPU.Build.0 = Release|Any CPU
		{38721C9F-5A79-4826-BD52-DA7B4A8D3503}.Debug|Any CPU.ActiveCfg = Debug|Any CPU
		{38721C9F-5A79-4826-BD52-DA7B4A8D3503}.Debug|Any CPU.Build.0 = Debug|Any CPU
		{38721C9F-5A79-4826-BD52-DA7B4A8D3503}.Release|Any CPU.ActiveCfg = Release|Any CPU
		{38721C9F-5A79-4826-BD52-DA7B4A8D3503}.Release|Any CPU.Build.0 = Release|Any CPU
		{C3D3CB3B-C169-4E00-AEE6-39E41CC86CD6}.Debug|Any CPU.ActiveCfg = Debug|Any CPU
		{C3D3CB3B-C169-4E00-AEE6-39E41CC86CD6}.Debug|Any CPU.Build.0 = Debug|Any CPU
		{C3D3CB3B-C169-4E00-AEE6-39E41CC86CD6}.Release|Any CPU.ActiveCfg = Release|Any CPU
		{C3D3CB3B-C169-4E00-AEE6-39E41CC86CD6}.Release|Any CPU.Build.0 = Release|Any CPU
		{D324FB03-B6C3-4B37-AC0B-26693BEDDB62}.Debug|Any CPU.ActiveCfg = Debug|Any CPU
		{D324FB03-B6C3-4B37-AC0B-26693BEDDB62}.Debug|Any CPU.Build.0 = Debug|Any CPU
		{D324FB03-B6C3-4B37-AC0B-26693BEDDB62}.Release|Any CPU.ActiveCfg = Release|Any CPU
		{D324FB03-B6C3-4B37-AC0B-26693BEDDB62}.Release|Any CPU.Build.0 = Release|Any CPU
		{51833C43-7187-48CA-AE88-C0A17CFDC2CB}.Debug|Any CPU.ActiveCfg = Debug|Any CPU
		{51833C43-7187-48CA-AE88-C0A17CFDC2CB}.Debug|Any CPU.Build.0 = Debug|Any CPU
		{51833C43-7187-48CA-AE88-C0A17CFDC2CB}.Release|Any CPU.ActiveCfg = Release|Any CPU
		{51833C43-7187-48CA-AE88-C0A17CFDC2CB}.Release|Any CPU.Build.0 = Release|Any CPU
		{7A24BE73-BD69-4A42-9492-C69742DCE2AB}.Debug|Any CPU.ActiveCfg = Debug|Any CPU
		{7A24BE73-BD69-4A42-9492-C69742DCE2AB}.Debug|Any CPU.Build.0 = Debug|Any CPU
		{7A24BE73-BD69-4A42-9492-C69742DCE2AB}.Release|Any CPU.ActiveCfg = Release|Any CPU
		{7A24BE73-BD69-4A42-9492-C69742DCE2AB}.Release|Any CPU.Build.0 = Release|Any CPU
		{C184F2D9-573B-4282-85C3-CEA5A91C8186}.Debug|Any CPU.ActiveCfg = Debug|Any CPU
		{C184F2D9-573B-4282-85C3-CEA5A91C8186}.Debug|Any CPU.Build.0 = Debug|Any CPU
		{C184F2D9-573B-4282-85C3-CEA5A91C8186}.Release|Any CPU.ActiveCfg = Release|Any CPU
		{C184F2D9-573B-4282-85C3-CEA5A91C8186}.Release|Any CPU.Build.0 = Release|Any CPU
		{8922BAF6-1A13-4655-9C78-DF468BA591E7}.Debug|Any CPU.ActiveCfg = Debug|Any CPU
		{8922BAF6-1A13-4655-9C78-DF468BA591E7}.Debug|Any CPU.Build.0 = Debug|Any CPU
		{8922BAF6-1A13-4655-9C78-DF468BA591E7}.Release|Any CPU.ActiveCfg = Release|Any CPU
		{8922BAF6-1A13-4655-9C78-DF468BA591E7}.Release|Any CPU.Build.0 = Release|Any CPU
		{8F103A8D-1702-40D7-A9CA-634C57EB0F96}.Debug|Any CPU.ActiveCfg = Debug|Any CPU
		{8F103A8D-1702-40D7-A9CA-634C57EB0F96}.Debug|Any CPU.Build.0 = Debug|Any CPU
		{8F103A8D-1702-40D7-A9CA-634C57EB0F96}.Release|Any CPU.ActiveCfg = Release|Any CPU
		{8F103A8D-1702-40D7-A9CA-634C57EB0F96}.Release|Any CPU.Build.0 = Release|Any CPU
		{17C46B55-0CB1-4BFD-B23B-0C95B661AA9A}.Debug|Any CPU.ActiveCfg = Debug|Any CPU
		{17C46B55-0CB1-4BFD-B23B-0C95B661AA9A}.Debug|Any CPU.Build.0 = Debug|Any CPU
		{17C46B55-0CB1-4BFD-B23B-0C95B661AA9A}.Release|Any CPU.ActiveCfg = Release|Any CPU
		{17C46B55-0CB1-4BFD-B23B-0C95B661AA9A}.Release|Any CPU.Build.0 = Release|Any CPU
		{E0952ABC-52E6-43A3-B1B6-68B87E2FCE64}.Debug|Any CPU.ActiveCfg = Debug|Any CPU
		{E0952ABC-52E6-43A3-B1B6-68B87E2FCE64}.Debug|Any CPU.Build.0 = Debug|Any CPU
		{E0952ABC-52E6-43A3-B1B6-68B87E2FCE64}.Release|Any CPU.ActiveCfg = Release|Any CPU
		{E0952ABC-52E6-43A3-B1B6-68B87E2FCE64}.Release|Any CPU.Build.0 = Release|Any CPU
		{F5A67F00-98E4-4BE4-B6E4-7FAC74D24513}.Debug|Any CPU.ActiveCfg = Debug|Any CPU
		{F5A67F00-98E4-4BE4-B6E4-7FAC74D24513}.Debug|Any CPU.Build.0 = Debug|Any CPU
		{F5A67F00-98E4-4BE4-B6E4-7FAC74D24513}.Release|Any CPU.ActiveCfg = Release|Any CPU
		{F5A67F00-98E4-4BE4-B6E4-7FAC74D24513}.Release|Any CPU.Build.0 = Release|Any CPU
		{95292061-F494-4E5E-9371-2E022C4E832B}.Debug|Any CPU.ActiveCfg = Debug|Any CPU
		{95292061-F494-4E5E-9371-2E022C4E832B}.Debug|Any CPU.Build.0 = Debug|Any CPU
		{95292061-F494-4E5E-9371-2E022C4E832B}.Release|Any CPU.ActiveCfg = Release|Any CPU
		{95292061-F494-4E5E-9371-2E022C4E832B}.Release|Any CPU.Build.0 = Release|Any CPU
		{970468DF-6267-4E0F-B264-B339676E0F25}.Debug|Any CPU.ActiveCfg = Debug|Any CPU
		{970468DF-6267-4E0F-B264-B339676E0F25}.Debug|Any CPU.Build.0 = Debug|Any CPU
		{970468DF-6267-4E0F-B264-B339676E0F25}.Release|Any CPU.ActiveCfg = Release|Any CPU
		{970468DF-6267-4E0F-B264-B339676E0F25}.Release|Any CPU.Build.0 = Release|Any CPU
		{72ADF3FA-C2F9-45F6-BE82-5528DB734242}.Debug|Any CPU.ActiveCfg = Debug|Any CPU
		{72ADF3FA-C2F9-45F6-BE82-5528DB734242}.Debug|Any CPU.Build.0 = Debug|Any CPU
		{72ADF3FA-C2F9-45F6-BE82-5528DB734242}.Release|Any CPU.ActiveCfg = Release|Any CPU
		{72ADF3FA-C2F9-45F6-BE82-5528DB734242}.Release|Any CPU.Build.0 = Release|Any CPU
		{185B2D74-1AF8-42DF-AC07-9ACF56C78C6B}.Debug|Any CPU.ActiveCfg = Debug|Any CPU
		{185B2D74-1AF8-42DF-AC07-9ACF56C78C6B}.Debug|Any CPU.Build.0 = Debug|Any CPU
		{185B2D74-1AF8-42DF-AC07-9ACF56C78C6B}.Release|Any CPU.ActiveCfg = Release|Any CPU
		{185B2D74-1AF8-42DF-AC07-9ACF56C78C6B}.Release|Any CPU.Build.0 = Release|Any CPU
		{61129E3D-463E-4309-B281-979B2C8812FF}.Debug|Any CPU.ActiveCfg = Debug|Any CPU
		{61129E3D-463E-4309-B281-979B2C8812FF}.Debug|Any CPU.Build.0 = Debug|Any CPU
		{61129E3D-463E-4309-B281-979B2C8812FF}.Release|Any CPU.ActiveCfg = Release|Any CPU
		{61129E3D-463E-4309-B281-979B2C8812FF}.Release|Any CPU.Build.0 = Release|Any CPU
		{31CCAD92-DE3D-421B-B207-15449EAB3F6B}.Debug|Any CPU.ActiveCfg = Debug|Any CPU
		{31CCAD92-DE3D-421B-B207-15449EAB3F6B}.Debug|Any CPU.Build.0 = Debug|Any CPU
		{31CCAD92-DE3D-421B-B207-15449EAB3F6B}.Release|Any CPU.ActiveCfg = Release|Any CPU
		{31CCAD92-DE3D-421B-B207-15449EAB3F6B}.Release|Any CPU.Build.0 = Release|Any CPU
		{B0FD8278-9578-4B01-90ED-738B1FB30C97}.Debug|Any CPU.ActiveCfg = Debug|Any CPU
		{B0FD8278-9578-4B01-90ED-738B1FB30C97}.Debug|Any CPU.Build.0 = Debug|Any CPU
		{B0FD8278-9578-4B01-90ED-738B1FB30C97}.Release|Any CPU.ActiveCfg = Release|Any CPU
		{B0FD8278-9578-4B01-90ED-738B1FB30C97}.Release|Any CPU.Build.0 = Release|Any CPU
		{7EBDB7E6-98CD-48F9-B8AA-09E831510D92}.Debug|Any CPU.ActiveCfg = Debug|Any CPU
		{7EBDB7E6-98CD-48F9-B8AA-09E831510D92}.Debug|Any CPU.Build.0 = Debug|Any CPU
		{7EBDB7E6-98CD-48F9-B8AA-09E831510D92}.Release|Any CPU.ActiveCfg = Release|Any CPU
		{7EBDB7E6-98CD-48F9-B8AA-09E831510D92}.Release|Any CPU.Build.0 = Release|Any CPU
		{38732FE9-8C0F-4AFB-89DA-B79D87281C7B}.Debug|Any CPU.ActiveCfg = Debug|Any CPU
		{38732FE9-8C0F-4AFB-89DA-B79D87281C7B}.Debug|Any CPU.Build.0 = Debug|Any CPU
		{38732FE9-8C0F-4AFB-89DA-B79D87281C7B}.Release|Any CPU.ActiveCfg = Release|Any CPU
		{38732FE9-8C0F-4AFB-89DA-B79D87281C7B}.Release|Any CPU.Build.0 = Release|Any CPU
		{CBF1C2DA-D11E-4845-912A-86C061A04BB1}.Debug|Any CPU.ActiveCfg = Debug|Any CPU
		{CBF1C2DA-D11E-4845-912A-86C061A04BB1}.Debug|Any CPU.Build.0 = Debug|Any CPU
		{CBF1C2DA-D11E-4845-912A-86C061A04BB1}.Release|Any CPU.ActiveCfg = Release|Any CPU
		{CBF1C2DA-D11E-4845-912A-86C061A04BB1}.Release|Any CPU.Build.0 = Release|Any CPU
		{DEE8C13C-AF5D-4499-9EAE-1A32B781508B}.Debug|Any CPU.ActiveCfg = Debug|Any CPU
		{DEE8C13C-AF5D-4499-9EAE-1A32B781508B}.Debug|Any CPU.Build.0 = Debug|Any CPU
		{DEE8C13C-AF5D-4499-9EAE-1A32B781508B}.Release|Any CPU.ActiveCfg = Release|Any CPU
		{DEE8C13C-AF5D-4499-9EAE-1A32B781508B}.Release|Any CPU.Build.0 = Release|Any CPU
		{D20C3AB9-E16B-478C-9A36-C928D1062760}.Debug|Any CPU.ActiveCfg = Debug|Any CPU
		{D20C3AB9-E16B-478C-9A36-C928D1062760}.Debug|Any CPU.Build.0 = Debug|Any CPU
		{D20C3AB9-E16B-478C-9A36-C928D1062760}.Release|Any CPU.ActiveCfg = Release|Any CPU
		{D20C3AB9-E16B-478C-9A36-C928D1062760}.Release|Any CPU.Build.0 = Release|Any CPU
		{DE30504F-2E74-410D-8742-DD585A14F839}.Debug|Any CPU.ActiveCfg = Debug|Any CPU
		{DE30504F-2E74-410D-8742-DD585A14F839}.Debug|Any CPU.Build.0 = Debug|Any CPU
		{DE30504F-2E74-410D-8742-DD585A14F839}.Release|Any CPU.ActiveCfg = Release|Any CPU
		{DE30504F-2E74-410D-8742-DD585A14F839}.Release|Any CPU.Build.0 = Release|Any CPU
		{3D8437B6-670C-4BC4-B943-5F6989C1EAE8}.Debug|Any CPU.ActiveCfg = Debug|Any CPU
		{3D8437B6-670C-4BC4-B943-5F6989C1EAE8}.Debug|Any CPU.Build.0 = Debug|Any CPU
		{3D8437B6-670C-4BC4-B943-5F6989C1EAE8}.Release|Any CPU.ActiveCfg = Release|Any CPU
		{3D8437B6-670C-4BC4-B943-5F6989C1EAE8}.Release|Any CPU.Build.0 = Release|Any CPU
	EndGlobalSection
	GlobalSection(SolutionProperties) = preSolution
		HideSolutionNode = FALSE
	EndGlobalSection
	GlobalSection(ExtensibilityGlobals) = postSolution
		SolutionGuid = {7090FB70-B34A-4F8C-9D81-2E1B0637A533}
	EndGlobalSection
EndGlobal
