
Microsoft Visual Studio Solution File, Format Version 12.00
# Visual Studio Version 17
VisualStudioVersion = 17.3.33027.108
MinimumVisualStudioVersion = 10.0.40219.1
Project("{9A19103F-16F7-4668-BE54-9A1E7A4F7556}") = "Day01", "Day01\Day01.csproj", "{17E11A0D-73FB-4CCF-BF20-88C778B59BFB}"
EndProject
Project("{9A19103F-16F7-4668-BE54-9A1E7A4F7556}") = "Day02", "Day02\Day02.csproj", "{57136F16-8A93-4097-BABE-1DDCE70E75AB}"
EndProject
Project("{9A19103F-16F7-4668-BE54-9A1E7A4F7556}") = "Day03", "Day03\Day03.csproj", "{A5350219-CDA2-460D-9F5D-41515CC8FA44}"
EndProject
Project("{9A19103F-16F7-4668-BE54-9A1E7A4F7556}") = "Day04", "Day04\Day04.csproj", "{C910138C-50EC-4745-A054-3E3087CBD822}"
EndProject
Project("{9A19103F-16F7-4668-BE54-9A1E7A4F7556}") = "Day05", "Day05\Day05.csproj", "{3F3E3D47-8639-43AE-83AF-1A118BB1A84D}"
EndProject
Project("{9A19103F-16F7-4668-BE54-9A1E7A4F7556}") = "Day06", "Day06\Day06.csproj", "{2F01431C-F946-4152-B2C6-501A88F3E451}"
EndProject
Project("{9A19103F-16F7-4668-BE54-9A1E7A4F7556}") = "Day07", "Day07\Day07.csproj", "{0938E722-9CEC-4137-9611-245CEF31E9AC}"
EndProject
Project("{9A19103F-16F7-4668-BE54-9A1E7A4F7556}") = "Day08", "Day08\Day08.csproj", "{5754F55A-957E-4024-A576-D81F91054AC7}"
EndProject
Project("{9A19103F-16F7-4668-BE54-9A1E7A4F7556}") = "Day09", "Day09\Day09.csproj", "{72F13729-5C33-42FC-ABED-45599B269C46}"
EndProject
Project("{9A19103F-16F7-4668-BE54-9A1E7A4F7556}") = "Day10", "Day10\Day10.csproj", "{FF7A9752-41D0-4554-A127-F58F9B89086F}"
EndProject
Project("{9A19103F-16F7-4668-BE54-9A1E7A4F7556}") = "Day02V02", "Day02V02\Day02V02.csproj", "{0BFF8E53-F315-4431-BA4D-3DCBE34C7FAA}"
EndProject
Project("{9A19103F-16F7-4668-BE54-9A1E7A4F7556}") = "Day11", "Day11\Day11.csproj", "{102B0C8E-C677-4D24-83D8-2BED38C126FE}"
EndProject
Project("{9A19103F-16F7-4668-BE54-9A1E7A4F7556}") = "Day12", "Day12\Day12.csproj", "{E635A6A5-5BC5-42A7-85A3-6DB8140F5AD5}"
EndProject
Project("{9A19103F-16F7-4668-BE54-9A1E7A4F7556}") = "Day13", "Day13\Day13.csproj", "{DBF6CA00-D9B5-4DC4-81A0-69627F85780A}"
EndProject
Project("{9A19103F-16F7-4668-BE54-9A1E7A4F7556}") = "Day14", "Day14\Day14.csproj", "{AB2A7867-46EB-4F30-9B31-87D66D577DA3}"
EndProject
Project("{FAE04EC0-301F-11D3-BF4B-00C04F79EFBC}") = "Day15", "Day15\Day15.csproj", "{AC2DDBD5-DF98-4520-8F76-A6373CC58370}"
EndProject
Project("{FAE04EC0-301F-11D3-BF4B-00C04F79EFBC}") = "Day16", "Day16\Day16.csproj", "{765B612F-8033-4545-BC8F-386D4205BA07}"
EndProject
Global
	GlobalSection(SolutionConfigurationPlatforms) = preSolution
		Debug|Any CPU = Debug|Any CPU
		Release|Any CPU = Release|Any CPU
	EndGlobalSection
	GlobalSection(ProjectConfigurationPlatforms) = postSolution
		{17E11A0D-73FB-4CCF-BF20-88C778B59BFB}.Debug|Any CPU.ActiveCfg = Debug|Any CPU
		{17E11A0D-73FB-4CCF-BF20-88C778B59BFB}.Debug|Any CPU.Build.0 = Debug|Any CPU
		{17E11A0D-73FB-4CCF-BF20-88C778B59BFB}.Release|Any CPU.ActiveCfg = Release|Any CPU
		{17E11A0D-73FB-4CCF-BF20-88C778B59BFB}.Release|Any CPU.Build.0 = Release|Any CPU
		{57136F16-8A93-4097-BABE-1DDCE70E75AB}.Debug|Any CPU.ActiveCfg = Debug|Any CPU
		{57136F16-8A93-4097-BABE-1DDCE70E75AB}.Debug|Any CPU.Build.0 = Debug|Any CPU
		{57136F16-8A93-4097-BABE-1DDCE70E75AB}.Release|Any CPU.ActiveCfg = Release|Any CPU
		{57136F16-8A93-4097-BABE-1DDCE70E75AB}.Release|Any CPU.Build.0 = Release|Any CPU
		{A5350219-CDA2-460D-9F5D-41515CC8FA44}.Debug|Any CPU.ActiveCfg = Debug|Any CPU
		{A5350219-CDA2-460D-9F5D-41515CC8FA44}.Debug|Any CPU.Build.0 = Debug|Any CPU
		{A5350219-CDA2-460D-9F5D-41515CC8FA44}.Release|Any CPU.ActiveCfg = Release|Any CPU
		{A5350219-CDA2-460D-9F5D-41515CC8FA44}.Release|Any CPU.Build.0 = Release|Any CPU
		{C910138C-50EC-4745-A054-3E3087CBD822}.Debug|Any CPU.ActiveCfg = Debug|Any CPU
		{C910138C-50EC-4745-A054-3E3087CBD822}.Debug|Any CPU.Build.0 = Debug|Any CPU
		{C910138C-50EC-4745-A054-3E3087CBD822}.Release|Any CPU.ActiveCfg = Release|Any CPU
		{C910138C-50EC-4745-A054-3E3087CBD822}.Release|Any CPU.Build.0 = Release|Any CPU
		{3F3E3D47-8639-43AE-83AF-1A118BB1A84D}.Debug|Any CPU.ActiveCfg = Debug|Any CPU
		{3F3E3D47-8639-43AE-83AF-1A118BB1A84D}.Debug|Any CPU.Build.0 = Debug|Any CPU
		{3F3E3D47-8639-43AE-83AF-1A118BB1A84D}.Release|Any CPU.ActiveCfg = Release|Any CPU
		{3F3E3D47-8639-43AE-83AF-1A118BB1A84D}.Release|Any CPU.Build.0 = Release|Any CPU
		{2F01431C-F946-4152-B2C6-501A88F3E451}.Debug|Any CPU.ActiveCfg = Debug|Any CPU
		{2F01431C-F946-4152-B2C6-501A88F3E451}.Debug|Any CPU.Build.0 = Debug|Any CPU
		{2F01431C-F946-4152-B2C6-501A88F3E451}.Release|Any CPU.ActiveCfg = Release|Any CPU
		{2F01431C-F946-4152-B2C6-501A88F3E451}.Release|Any CPU.Build.0 = Release|Any CPU
		{0938E722-9CEC-4137-9611-245CEF31E9AC}.Debug|Any CPU.ActiveCfg = Debug|Any CPU
		{0938E722-9CEC-4137-9611-245CEF31E9AC}.Debug|Any CPU.Build.0 = Debug|Any CPU
		{0938E722-9CEC-4137-9611-245CEF31E9AC}.Release|Any CPU.ActiveCfg = Release|Any CPU
		{0938E722-9CEC-4137-9611-245CEF31E9AC}.Release|Any CPU.Build.0 = Release|Any CPU
		{5754F55A-957E-4024-A576-D81F91054AC7}.Debug|Any CPU.ActiveCfg = Debug|Any CPU
		{5754F55A-957E-4024-A576-D81F91054AC7}.Debug|Any CPU.Build.0 = Debug|Any CPU
		{5754F55A-957E-4024-A576-D81F91054AC7}.Release|Any CPU.ActiveCfg = Release|Any CPU
		{5754F55A-957E-4024-A576-D81F91054AC7}.Release|Any CPU.Build.0 = Release|Any CPU
		{72F13729-5C33-42FC-ABED-45599B269C46}.Debug|Any CPU.ActiveCfg = Debug|Any CPU
		{72F13729-5C33-42FC-ABED-45599B269C46}.Debug|Any CPU.Build.0 = Debug|Any CPU
		{72F13729-5C33-42FC-ABED-45599B269C46}.Release|Any CPU.ActiveCfg = Release|Any CPU
		{72F13729-5C33-42FC-ABED-45599B269C46}.Release|Any CPU.Build.0 = Release|Any CPU
		{FF7A9752-41D0-4554-A127-F58F9B89086F}.Debug|Any CPU.ActiveCfg = Debug|Any CPU
		{FF7A9752-41D0-4554-A127-F58F9B89086F}.Debug|Any CPU.Build.0 = Debug|Any CPU
		{FF7A9752-41D0-4554-A127-F58F9B89086F}.Release|Any CPU.ActiveCfg = Release|Any CPU
		{FF7A9752-41D0-4554-A127-F58F9B89086F}.Release|Any CPU.Build.0 = Release|Any CPU
		{0BFF8E53-F315-4431-BA4D-3DCBE34C7FAA}.Debug|Any CPU.ActiveCfg = Debug|Any CPU
		{0BFF8E53-F315-4431-BA4D-3DCBE34C7FAA}.Debug|Any CPU.Build.0 = Debug|Any CPU
		{0BFF8E53-F315-4431-BA4D-3DCBE34C7FAA}.Release|Any CPU.ActiveCfg = Release|Any CPU
		{0BFF8E53-F315-4431-BA4D-3DCBE34C7FAA}.Release|Any CPU.Build.0 = Release|Any CPU
		{102B0C8E-C677-4D24-83D8-2BED38C126FE}.Debug|Any CPU.ActiveCfg = Debug|Any CPU
		{102B0C8E-C677-4D24-83D8-2BED38C126FE}.Debug|Any CPU.Build.0 = Debug|Any CPU
		{102B0C8E-C677-4D24-83D8-2BED38C126FE}.Release|Any CPU.ActiveCfg = Release|Any CPU
		{102B0C8E-C677-4D24-83D8-2BED38C126FE}.Release|Any CPU.Build.0 = Release|Any CPU
		{E635A6A5-5BC5-42A7-85A3-6DB8140F5AD5}.Debug|Any CPU.ActiveCfg = Debug|Any CPU
		{E635A6A5-5BC5-42A7-85A3-6DB8140F5AD5}.Debug|Any CPU.Build.0 = Debug|Any CPU
		{E635A6A5-5BC5-42A7-85A3-6DB8140F5AD5}.Release|Any CPU.ActiveCfg = Release|Any CPU
		{E635A6A5-5BC5-42A7-85A3-6DB8140F5AD5}.Release|Any CPU.Build.0 = Release|Any CPU
		{DBF6CA00-D9B5-4DC4-81A0-69627F85780A}.Debug|Any CPU.ActiveCfg = Debug|Any CPU
		{DBF6CA00-D9B5-4DC4-81A0-69627F85780A}.Debug|Any CPU.Build.0 = Debug|Any CPU
		{DBF6CA00-D9B5-4DC4-81A0-69627F85780A}.Release|Any CPU.ActiveCfg = Release|Any CPU
		{DBF6CA00-D9B5-4DC4-81A0-69627F85780A}.Release|Any CPU.Build.0 = Release|Any CPU
		{AB2A7867-46EB-4F30-9B31-87D66D577DA3}.Debug|Any CPU.ActiveCfg = Debug|Any CPU
		{AB2A7867-46EB-4F30-9B31-87D66D577DA3}.Debug|Any CPU.Build.0 = Debug|Any CPU
		{AB2A7867-46EB-4F30-9B31-87D66D577DA3}.Release|Any CPU.ActiveCfg = Release|Any CPU
		{AB2A7867-46EB-4F30-9B31-87D66D577DA3}.Release|Any CPU.Build.0 = Release|Any CPU
		{AC2DDBD5-DF98-4520-8F76-A6373CC58370}.Debug|Any CPU.ActiveCfg = Debug|Any CPU
		{AC2DDBD5-DF98-4520-8F76-A6373CC58370}.Debug|Any CPU.Build.0 = Debug|Any CPU
		{AC2DDBD5-DF98-4520-8F76-A6373CC58370}.Release|Any CPU.ActiveCfg = Release|Any CPU
		{AC2DDBD5-DF98-4520-8F76-A6373CC58370}.Release|Any CPU.Build.0 = Release|Any CPU
		{765B612F-8033-4545-BC8F-386D4205BA07}.Debug|Any CPU.ActiveCfg = Debug|Any CPU
		{765B612F-8033-4545-BC8F-386D4205BA07}.Debug|Any CPU.Build.0 = Debug|Any CPU
		{765B612F-8033-4545-BC8F-386D4205BA07}.Release|Any CPU.ActiveCfg = Release|Any CPU
		{765B612F-8033-4545-BC8F-386D4205BA07}.Release|Any CPU.Build.0 = Release|Any CPU
	EndGlobalSection
	GlobalSection(SolutionProperties) = preSolution
		HideSolutionNode = FALSE
	EndGlobalSection
	GlobalSection(ExtensibilityGlobals) = postSolution
		SolutionGuid = {B8AEC3CA-2133-41ED-ADFC-DD095473EF06}
	EndGlobalSection
EndGlobal
